// !$*UTF8*$!
{
	archiveVersion = 1;
	classes = {
	};
	objectVersion = 50;
	objects = {

/* Begin PBXBuildFile section */
		6BBE3BB0AA2865610FEB4727 /* Pods_Qoot.framework in Frameworks */ = {isa = PBXBuildFile; fileRef = 0241056357D52B915276A9CD /* Pods_Qoot.framework */; };
		D00FACD22112DF1200C8C176 /* AppDelegate.swift in Sources */ = {isa = PBXBuildFile; fileRef = D00FACD12112DF1200C8C176 /* AppDelegate.swift */; };
		D00FACD72112DF1300C8C176 /* Main.storyboard in Resources */ = {isa = PBXBuildFile; fileRef = D00FACD52112DF1300C8C176 /* Main.storyboard */; };
		D00FACDA2112DF1300C8C176 /* Qoot.xcdatamodeld in Sources */ = {isa = PBXBuildFile; fileRef = D00FACD82112DF1300C8C176 /* Qoot.xcdatamodeld */; };
		D00FACDC2112DF2200C8C176 /* Assets.xcassets in Resources */ = {isa = PBXBuildFile; fileRef = D00FACDB2112DF2200C8C176 /* Assets.xcassets */; };
		D00FACDF2112DF2200C8C176 /* LaunchScreen.storyboard in Resources */ = {isa = PBXBuildFile; fileRef = D00FACDD2112DF2200C8C176 /* LaunchScreen.storyboard */; };
		D00FACED2112ED4100C8C176 /* Localizable.strings in Resources */ = {isa = PBXBuildFile; fileRef = D00FACEF2112ED4100C8C176 /* Localizable.strings */; };
		D00FAD172112EE5D00C8C176 /* CartManager.swift in Sources */ = {isa = PBXBuildFile; fileRef = D00FACF62112EE5D00C8C176 /* CartManager.swift */; };
		D00FAD182112EE5D00C8C176 /* FetchApiUrls.swift in Sources */ = {isa = PBXBuildFile; fileRef = D00FACF72112EE5D00C8C176 /* FetchApiUrls.swift */; };
		D00FAD192112EE5D00C8C176 /* ProductManager.swift in Sources */ = {isa = PBXBuildFile; fileRef = D00FACF82112EE5D00C8C176 /* ProductManager.swift */; };
		D00FAD1A2112EE5D00C8C176 /* UserManager.swift in Sources */ = {isa = PBXBuildFile; fileRef = D00FACF92112EE5D00C8C176 /* UserManager.swift */; };
		D00FAD1B2112EE5D00C8C176 /* ApplicationController.swift in Sources */ = {isa = PBXBuildFile; fileRef = D00FACFB2112EE5D00C8C176 /* ApplicationController.swift */; };
		D00FAD1C2112EE5D00C8C176 /* CLBaseService.swift in Sources */ = {isa = PBXBuildFile; fileRef = D00FACFD2112EE5D00C8C176 /* CLBaseService.swift */; };
		D00FAD1D2112EE5D00C8C176 /* CLNetworkManager.swift in Sources */ = {isa = PBXBuildFile; fileRef = D00FACFE2112EE5D00C8C176 /* CLNetworkManager.swift */; };
		D00FAD1E2112EE5D00C8C176 /* CLNetworkModel.swift in Sources */ = {isa = PBXBuildFile; fileRef = D00FACFF2112EE5D00C8C176 /* CLNetworkModel.swift */; };
		D00FAD1F2112EE5D00C8C176 /* CLNetworkUtility.swift in Sources */ = {isa = PBXBuildFile; fileRef = D00FAD002112EE5D00C8C176 /* CLNetworkUtility.swift */; };
		D00FAD202112EE5D00C8C176 /* Reachability.m in Sources */ = {isa = PBXBuildFile; fileRef = D00FAD032112EE5D00C8C176 /* Reachability.m */; };
		D00FAD212112EE5D00C8C176 /* Constants.swift in Sources */ = {isa = PBXBuildFile; fileRef = D00FAD072112EE5D00C8C176 /* Constants.swift */; };
		D00FAD222112EE5D00C8C176 /* CoreDataHandler.swift in Sources */ = {isa = PBXBuildFile; fileRef = D00FAD092112EE5D00C8C176 /* CoreDataHandler.swift */; };
		D00FAD232112EE5D00C8C176 /* StringExtensions.swift in Sources */ = {isa = PBXBuildFile; fileRef = D00FAD0B2112EE5D00C8C176 /* StringExtensions.swift */; };
		D00FAD242112EE5D00C8C176 /* UIColorExtension.swift in Sources */ = {isa = PBXBuildFile; fileRef = D00FAD0C2112EE5D00C8C176 /* UIColorExtension.swift */; };
		D00FAD252112EE5D00C8C176 /* UIImageViewExtensions.swift in Sources */ = {isa = PBXBuildFile; fileRef = D00FAD0D2112EE5D00C8C176 /* UIImageViewExtensions.swift */; };
		D00FAD262112EE5D00C8C176 /* UIViewExtensions.swift in Sources */ = {isa = PBXBuildFile; fileRef = D00FAD0E2112EE5D00C8C176 /* UIViewExtensions.swift */; };
		D00FAD272112EE5D00C8C176 /* LanguageManger.swift in Sources */ = {isa = PBXBuildFile; fileRef = D00FAD112112EE5D00C8C176 /* LanguageManger.swift */; };
		D00FAD282112EE5D00C8C176 /* L012Localizer.swift in Sources */ = {isa = PBXBuildFile; fileRef = D00FAD132112EE5D00C8C176 /* L012Localizer.swift */; };
		D00FAD292112EE5D00C8C176 /* L102Language.swift in Sources */ = {isa = PBXBuildFile; fileRef = D00FAD142112EE5D00C8C176 /* L102Language.swift */; };
		D00FAD2A2112EE5D00C8C176 /* CCUtility.swift in Sources */ = {isa = PBXBuildFile; fileRef = D00FAD162112EE5D00C8C176 /* CCUtility.swift */; };
		D0C865622113477800383A48 /* BaseViewController.swift in Sources */ = {isa = PBXBuildFile; fileRef = D0C865612113477800383A48 /* BaseViewController.swift */; };
/* End PBXBuildFile section */

/* Begin PBXFileReference section */
		0241056357D52B915276A9CD /* Pods_Qoot.framework */ = {isa = PBXFileReference; explicitFileType = wrapper.framework; includeInIndex = 0; path = Pods_Qoot.framework; sourceTree = BUILT_PRODUCTS_DIR; };
		1D207D2219F2B6C42392CCB5 /* Pods-Qoot.debug.xcconfig */ = {isa = PBXFileReference; includeInIndex = 1; lastKnownFileType = text.xcconfig; name = "Pods-Qoot.debug.xcconfig"; path = "Pods/Target Support Files/Pods-Qoot/Pods-Qoot.debug.xcconfig"; sourceTree = "<group>"; };
		8442CA29F0944557CAEC8358 /* Pods-Qoot.release.xcconfig */ = {isa = PBXFileReference; includeInIndex = 1; lastKnownFileType = text.xcconfig; name = "Pods-Qoot.release.xcconfig"; path = "Pods/Target Support Files/Pods-Qoot/Pods-Qoot.release.xcconfig"; sourceTree = "<group>"; };
		D00FACCE2112DF1200C8C176 /* Qoot.app */ = {isa = PBXFileReference; explicitFileType = wrapper.application; includeInIndex = 0; path = Qoot.app; sourceTree = BUILT_PRODUCTS_DIR; };
		D00FACD12112DF1200C8C176 /* AppDelegate.swift */ = {isa = PBXFileReference; lastKnownFileType = sourcecode.swift; path = AppDelegate.swift; sourceTree = "<group>"; };
		D00FACD62112DF1300C8C176 /* Base */ = {isa = PBXFileReference; lastKnownFileType = file.storyboard; name = Base; path = Base.lproj/Main.storyboard; sourceTree = "<group>"; };
		D00FACD92112DF1300C8C176 /* Qoot.xcdatamodel */ = {isa = PBXFileReference; lastKnownFileType = wrapper.xcdatamodel; path = Qoot.xcdatamodel; sourceTree = "<group>"; };
		D00FACDB2112DF2200C8C176 /* Assets.xcassets */ = {isa = PBXFileReference; lastKnownFileType = folder.assetcatalog; path = Assets.xcassets; sourceTree = "<group>"; };
		D00FACDE2112DF2200C8C176 /* Base */ = {isa = PBXFileReference; lastKnownFileType = file.storyboard; name = Base; path = Base.lproj/LaunchScreen.storyboard; sourceTree = "<group>"; };
		D00FACE02112DF2200C8C176 /* Info.plist */ = {isa = PBXFileReference; lastKnownFileType = text.plist.xml; path = Info.plist; sourceTree = "<group>"; };
		D00FACF02112ED6100C8C176 /* Base */ = {isa = PBXFileReference; lastKnownFileType = text.plist.strings; name = Base; path = Base.lproj/Localizable.strings; sourceTree = "<group>"; };
		D00FACF12112EDA300C8C176 /* ar */ = {isa = PBXFileReference; lastKnownFileType = text.plist.strings; name = ar; path = ar.lproj/Main.strings; sourceTree = "<group>"; };
		D00FACF22112EDA300C8C176 /* ar */ = {isa = PBXFileReference; lastKnownFileType = text.plist.strings; name = ar; path = ar.lproj/LaunchScreen.strings; sourceTree = "<group>"; };
		D00FACF32112EDA300C8C176 /* ar */ = {isa = PBXFileReference; lastKnownFileType = text.plist.strings; name = ar; path = ar.lproj/Localizable.strings; sourceTree = "<group>"; };
		D00FACF62112EE5D00C8C176 /* CartManager.swift */ = {isa = PBXFileReference; fileEncoding = 4; lastKnownFileType = sourcecode.swift; path = CartManager.swift; sourceTree = "<group>"; };
		D00FACF72112EE5D00C8C176 /* FetchApiUrls.swift */ = {isa = PBXFileReference; fileEncoding = 4; lastKnownFileType = sourcecode.swift; path = FetchApiUrls.swift; sourceTree = "<group>"; };
		D00FACF82112EE5D00C8C176 /* ProductManager.swift */ = {isa = PBXFileReference; fileEncoding = 4; lastKnownFileType = sourcecode.swift; path = ProductManager.swift; sourceTree = "<group>"; };
		D00FACF92112EE5D00C8C176 /* UserManager.swift */ = {isa = PBXFileReference; fileEncoding = 4; lastKnownFileType = sourcecode.swift; path = UserManager.swift; sourceTree = "<group>"; };
		D00FACFB2112EE5D00C8C176 /* ApplicationController.swift */ = {isa = PBXFileReference; fileEncoding = 4; lastKnownFileType = sourcecode.swift; path = ApplicationController.swift; sourceTree = "<group>"; };
		D00FACFD2112EE5D00C8C176 /* CLBaseService.swift */ = {isa = PBXFileReference; fileEncoding = 4; lastKnownFileType = sourcecode.swift; path = CLBaseService.swift; sourceTree = "<group>"; };
		D00FACFE2112EE5D00C8C176 /* CLNetworkManager.swift */ = {isa = PBXFileReference; fileEncoding = 4; lastKnownFileType = sourcecode.swift; path = CLNetworkManager.swift; sourceTree = "<group>"; };
		D00FACFF2112EE5D00C8C176 /* CLNetworkModel.swift */ = {isa = PBXFileReference; fileEncoding = 4; lastKnownFileType = sourcecode.swift; path = CLNetworkModel.swift; sourceTree = "<group>"; };
		D00FAD002112EE5D00C8C176 /* CLNetworkUtility.swift */ = {isa = PBXFileReference; fileEncoding = 4; lastKnownFileType = sourcecode.swift; path = CLNetworkUtility.swift; sourceTree = "<group>"; };
		D00FAD022112EE5D00C8C176 /* Reachability.h */ = {isa = PBXFileReference; fileEncoding = 4; lastKnownFileType = sourcecode.c.h; path = Reachability.h; sourceTree = "<group>"; };
		D00FAD032112EE5D00C8C176 /* Reachability.m */ = {isa = PBXFileReference; fileEncoding = 4; lastKnownFileType = sourcecode.c.objc; path = Reachability.m; sourceTree = "<group>"; };
		D00FAD072112EE5D00C8C176 /* Constants.swift */ = {isa = PBXFileReference; fileEncoding = 4; lastKnownFileType = sourcecode.swift; path = Constants.swift; sourceTree = "<group>"; };
		D00FAD092112EE5D00C8C176 /* CoreDataHandler.swift */ = {isa = PBXFileReference; fileEncoding = 4; lastKnownFileType = sourcecode.swift; path = CoreDataHandler.swift; sourceTree = "<group>"; };
		D00FAD0B2112EE5D00C8C176 /* StringExtensions.swift */ = {isa = PBXFileReference; fileEncoding = 4; lastKnownFileType = sourcecode.swift; path = StringExtensions.swift; sourceTree = "<group>"; };
		D00FAD0C2112EE5D00C8C176 /* UIColorExtension.swift */ = {isa = PBXFileReference; fileEncoding = 4; lastKnownFileType = sourcecode.swift; path = UIColorExtension.swift; sourceTree = "<group>"; };
		D00FAD0D2112EE5D00C8C176 /* UIImageViewExtensions.swift */ = {isa = PBXFileReference; fileEncoding = 4; lastKnownFileType = sourcecode.swift; path = UIImageViewExtensions.swift; sourceTree = "<group>"; };
		D00FAD0E2112EE5D00C8C176 /* UIViewExtensions.swift */ = {isa = PBXFileReference; fileEncoding = 4; lastKnownFileType = sourcecode.swift; path = UIViewExtensions.swift; sourceTree = "<group>"; };
		D00FAD112112EE5D00C8C176 /* LanguageManger.swift */ = {isa = PBXFileReference; fileEncoding = 4; lastKnownFileType = sourcecode.swift; path = LanguageManger.swift; sourceTree = "<group>"; };
		D00FAD132112EE5D00C8C176 /* L012Localizer.swift */ = {isa = PBXFileReference; fileEncoding = 4; lastKnownFileType = sourcecode.swift; path = L012Localizer.swift; sourceTree = "<group>"; };
		D00FAD142112EE5D00C8C176 /* L102Language.swift */ = {isa = PBXFileReference; fileEncoding = 4; lastKnownFileType = sourcecode.swift; path = L102Language.swift; sourceTree = "<group>"; };
		D00FAD162112EE5D00C8C176 /* CCUtility.swift */ = {isa = PBXFileReference; fileEncoding = 4; lastKnownFileType = sourcecode.swift; path = CCUtility.swift; sourceTree = "<group>"; };
		D00FAD2B2112EF8800C8C176 /* Qoot-Bridging-Header.h */ = {isa = PBXFileReference; lastKnownFileType = sourcecode.c.h; path = "Qoot-Bridging-Header.h"; sourceTree = "<group>"; };
		D0C865612113477800383A48 /* BaseViewController.swift */ = {isa = PBXFileReference; fileEncoding = 4; lastKnownFileType = sourcecode.swift; path = BaseViewController.swift; sourceTree = "<group>"; };
/* End PBXFileReference section */

/* Begin PBXFrameworksBuildPhase section */
		D00FACCB2112DF1200C8C176 /* Frameworks */ = {
			isa = PBXFrameworksBuildPhase;
			buildActionMask = 2147483647;
			files = (
				6BBE3BB0AA2865610FEB4727 /* Pods_Qoot.framework in Frameworks */,
			);
			runOnlyForDeploymentPostprocessing = 0;
		};
/* End PBXFrameworksBuildPhase section */

/* Begin PBXGroup section */
		05A5F6E98CD343F4F0B981A7 /* Pods */ = {
			isa = PBXGroup;
			children = (
				1D207D2219F2B6C42392CCB5 /* Pods-Qoot.debug.xcconfig */,
				8442CA29F0944557CAEC8358 /* Pods-Qoot.release.xcconfig */,
			);
			name = Pods;
			sourceTree = "<group>";
		};
		D00FACC52112DF1200C8C176 = {
			isa = PBXGroup;
			children = (
				D00FACD02112DF1200C8C176 /* Qoot */,
				D00FACCF2112DF1200C8C176 /* Products */,
				05A5F6E98CD343F4F0B981A7 /* Pods */,
				DFCB18D661E85E8E4FC705BD /* Frameworks */,
			);
			sourceTree = "<group>";
		};
		D00FACCF2112DF1200C8C176 /* Products */ = {
			isa = PBXGroup;
			children = (
				D00FACCE2112DF1200C8C176 /* Qoot.app */,
			);
			name = Products;
			sourceTree = "<group>";
		};
		D00FACD02112DF1200C8C176 /* Qoot */ = {
			isa = PBXGroup;
			children = (
				D00FACF42112EE5D00C8C176 /* Helper */,
				D00FACE62112EC6400C8C176 /* Library */,
				D00FACE82112EC6700C8C176 /* Model */,
				D00FACE92112EC6900C8C176 /* Modules */,
				D00FACE72112EC6600C8C176 /* Resources */,
				D00FACD12112DF1200C8C176 /* AppDelegate.swift */,
				D00FACD52112DF1300C8C176 /* Main.storyboard */,
				D00FACDB2112DF2200C8C176 /* Assets.xcassets */,
				D00FACDD2112DF2200C8C176 /* LaunchScreen.storyboard */,
				D00FACE02112DF2200C8C176 /* Info.plist */,
				D00FACD82112DF1300C8C176 /* Qoot.xcdatamodeld */,
			);
			path = Qoot;
			sourceTree = "<group>";
		};
		D00FACE62112EC6400C8C176 /* Library */ = {
			isa = PBXGroup;
			children = (
			);
			path = Library;
			sourceTree = "<group>";
		};
		D00FACE72112EC6600C8C176 /* Resources */ = {
			isa = PBXGroup;
			children = (
				D00FACEA2112EC9000C8C176 /* Localizations */,
			);
			path = Resources;
			sourceTree = "<group>";
		};
		D00FACE82112EC6700C8C176 /* Model */ = {
			isa = PBXGroup;
			children = (
			);
			path = Model;
			sourceTree = "<group>";
		};
		D00FACE92112EC6900C8C176 /* Modules */ = {
			isa = PBXGroup;
			children = (
				D0C865602113477800383A48 /* Base */,
				D0C8655F2113470C00383A48 /* UserManagement */,
			);
			path = Modules;
			sourceTree = "<group>";
		};
		D00FACEA2112EC9000C8C176 /* Localizations */ = {
			isa = PBXGroup;
			children = (
				D00FACEF2112ED4100C8C176 /* Localizable.strings */,
			);
			path = Localizations;
			sourceTree = "<group>";
		};
		D00FACF42112EE5D00C8C176 /* Helper */ = {
			isa = PBXGroup;
			children = (
				D00FACF52112EE5D00C8C176 /* ApiManagers */,
				D00FACFA2112EE5D00C8C176 /* ApplicationController */,
				D00FACFC2112EE5D00C8C176 /* BaseNetworkManager */,
				D00FAD042112EE5D00C8C176 /* BridgingHeader */,
				D00FAD062112EE5D00C8C176 /* Constants */,
				D00FAD082112EE5D00C8C176 /* CoreDataHandler */,
				D00FAD0A2112EE5D00C8C176 /* Extensions */,
				D00FAD0F2112EE5D00C8C176 /* Languages */,
				D00FAD102112EE5D00C8C176 /* LanugaeManager */,
				D00FAD122112EE5D00C8C176 /* Localisation */,
				D00FAD152112EE5D00C8C176 /* Utility */,
			);
			path = Helper;
			sourceTree = "<group>";
		};
		D00FACF52112EE5D00C8C176 /* ApiManagers */ = {
			isa = PBXGroup;
			children = (
				D00FACF62112EE5D00C8C176 /* CartManager.swift */,
				D00FACF72112EE5D00C8C176 /* FetchApiUrls.swift */,
				D00FACF82112EE5D00C8C176 /* ProductManager.swift */,
				D00FACF92112EE5D00C8C176 /* UserManager.swift */,
			);
			path = ApiManagers;
			sourceTree = "<group>";
		};
		D00FACFA2112EE5D00C8C176 /* ApplicationController */ = {
			isa = PBXGroup;
			children = (
				D00FACFB2112EE5D00C8C176 /* ApplicationController.swift */,
			);
			path = ApplicationController;
			sourceTree = "<group>";
		};
		D00FACFC2112EE5D00C8C176 /* BaseNetworkManager */ = {
			isa = PBXGroup;
			children = (
				D00FACFD2112EE5D00C8C176 /* CLBaseService.swift */,
				D00FACFE2112EE5D00C8C176 /* CLNetworkManager.swift */,
				D00FACFF2112EE5D00C8C176 /* CLNetworkModel.swift */,
				D00FAD002112EE5D00C8C176 /* CLNetworkUtility.swift */,
				D00FAD012112EE5D00C8C176 /* Reachability */,
			);
			path = BaseNetworkManager;
			sourceTree = "<group>";
		};
		D00FAD012112EE5D00C8C176 /* Reachability */ = {
			isa = PBXGroup;
			children = (
				D00FAD022112EE5D00C8C176 /* Reachability.h */,
				D00FAD032112EE5D00C8C176 /* Reachability.m */,
			);
			path = Reachability;
			sourceTree = "<group>";
		};
		D00FAD042112EE5D00C8C176 /* BridgingHeader */ = {
			isa = PBXGroup;
			children = (
				D00FAD2B2112EF8800C8C176 /* Qoot-Bridging-Header.h */,
			);
			path = BridgingHeader;
			sourceTree = "<group>";
		};
		D00FAD062112EE5D00C8C176 /* Constants */ = {
			isa = PBXGroup;
			children = (
				D00FAD072112EE5D00C8C176 /* Constants.swift */,
			);
			path = Constants;
			sourceTree = "<group>";
		};
		D00FAD082112EE5D00C8C176 /* CoreDataHandler */ = {
			isa = PBXGroup;
			children = (
				D00FAD092112EE5D00C8C176 /* CoreDataHandler.swift */,
			);
			path = CoreDataHandler;
			sourceTree = "<group>";
		};
		D00FAD0A2112EE5D00C8C176 /* Extensions */ = {
			isa = PBXGroup;
			children = (
				D00FAD0B2112EE5D00C8C176 /* StringExtensions.swift */,
				D00FAD0C2112EE5D00C8C176 /* UIColorExtension.swift */,
				D00FAD0D2112EE5D00C8C176 /* UIImageViewExtensions.swift */,
				D00FAD0E2112EE5D00C8C176 /* UIViewExtensions.swift */,
			);
			path = Extensions;
			sourceTree = "<group>";
		};
		D00FAD0F2112EE5D00C8C176 /* Languages */ = {
			isa = PBXGroup;
			children = (
			);
			path = Languages;
			sourceTree = "<group>";
		};
		D00FAD102112EE5D00C8C176 /* LanugaeManager */ = {
			isa = PBXGroup;
			children = (
				D00FAD112112EE5D00C8C176 /* LanguageManger.swift */,
			);
			path = LanugaeManager;
			sourceTree = "<group>";
		};
		D00FAD122112EE5D00C8C176 /* Localisation */ = {
			isa = PBXGroup;
			children = (
				D00FAD132112EE5D00C8C176 /* L012Localizer.swift */,
				D00FAD142112EE5D00C8C176 /* L102Language.swift */,
			);
			path = Localisation;
			sourceTree = "<group>";
		};
		D00FAD152112EE5D00C8C176 /* Utility */ = {
			isa = PBXGroup;
			children = (
				D00FAD162112EE5D00C8C176 /* CCUtility.swift */,
			);
			path = Utility;
			sourceTree = "<group>";
		};
		D0C8655F2113470C00383A48 /* UserManagement */ = {
			isa = PBXGroup;
			children = (
			);
			path = UserManagement;
			sourceTree = "<group>";
		};
		D0C865602113477800383A48 /* Base */ = {
			isa = PBXGroup;
			children = (
				D0C865612113477800383A48 /* BaseViewController.swift */,
			);
			path = Base;
			sourceTree = "<group>";
		};
		DFCB18D661E85E8E4FC705BD /* Frameworks */ = {
			isa = PBXGroup;
			children = (
				0241056357D52B915276A9CD /* Pods_Qoot.framework */,
			);
			name = Frameworks;
			sourceTree = "<group>";
		};
/* End PBXGroup section */

/* Begin PBXNativeTarget section */
		D00FACCD2112DF1200C8C176 /* Qoot */ = {
			isa = PBXNativeTarget;
			buildConfigurationList = D00FACE32112DF2200C8C176 /* Build configuration list for PBXNativeTarget "Qoot" */;
			buildPhases = (
				429D3F6A3850E5A6755C6ED2 /* [CP] Check Pods Manifest.lock */,
				D00FACCA2112DF1200C8C176 /* Sources */,
				D00FACCB2112DF1200C8C176 /* Frameworks */,
				D00FACCC2112DF1200C8C176 /* Resources */,
				F88964DDF5988D02715B586F /* [CP] Embed Pods Frameworks */,
			);
			buildRules = (
			);
			dependencies = (
			);
			name = Qoot;
			productName = Qoot;
			productReference = D00FACCE2112DF1200C8C176 /* Qoot.app */;
			productType = "com.apple.product-type.application";
		};
/* End PBXNativeTarget section */

/* Begin PBXProject section */
		D00FACC62112DF1200C8C176 /* Project object */ = {
			isa = PBXProject;
			attributes = {
				LastSwiftUpdateCheck = 0930;
				LastUpgradeCheck = 0930;
				ORGANIZATIONNAME = Cl;
				TargetAttributes = {
					D00FACCD2112DF1200C8C176 = {
						CreatedOnToolsVersion = 9.3;
					};
				};
			};
			buildConfigurationList = D00FACC92112DF1200C8C176 /* Build configuration list for PBXProject "Qoot" */;
			compatibilityVersion = "Xcode 9.3";
			developmentRegion = en;
			hasScannedForEncodings = 0;
			knownRegions = (
				en,
				Base,
				ar,
			);
			mainGroup = D00FACC52112DF1200C8C176;
			productRefGroup = D00FACCF2112DF1200C8C176 /* Products */;
			projectDirPath = "";
			projectRoot = "";
			targets = (
				D00FACCD2112DF1200C8C176 /* Qoot */,
			);
		};
/* End PBXProject section */

/* Begin PBXResourcesBuildPhase section */
		D00FACCC2112DF1200C8C176 /* Resources */ = {
			isa = PBXResourcesBuildPhase;
			buildActionMask = 2147483647;
			files = (
				D00FACDF2112DF2200C8C176 /* LaunchScreen.storyboard in Resources */,
				D00FACED2112ED4100C8C176 /* Localizable.strings in Resources */,
				D00FACDC2112DF2200C8C176 /* Assets.xcassets in Resources */,
				D00FACD72112DF1300C8C176 /* Main.storyboard in Resources */,
			);
			runOnlyForDeploymentPostprocessing = 0;
		};
/* End PBXResourcesBuildPhase section */

/* Begin PBXShellScriptBuildPhase section */
		429D3F6A3850E5A6755C6ED2 /* [CP] Check Pods Manifest.lock */ = {
			isa = PBXShellScriptBuildPhase;
			buildActionMask = 2147483647;
			files = (
			);
			inputPaths = (
				"${PODS_PODFILE_DIR_PATH}/Podfile.lock",
				"${PODS_ROOT}/Manifest.lock",
			);
			name = "[CP] Check Pods Manifest.lock";
			outputPaths = (
				"$(DERIVED_FILE_DIR)/Pods-Qoot-checkManifestLockResult.txt",
			);
			runOnlyForDeploymentPostprocessing = 0;
			shellPath = /bin/sh;
			shellScript = "diff \"${PODS_PODFILE_DIR_PATH}/Podfile.lock\" \"${PODS_ROOT}/Manifest.lock\" > /dev/null\nif [ $? != 0 ] ; then\n    # print error to STDERR\n    echo \"error: The sandbox is not in sync with the Podfile.lock. Run 'pod install' or update your CocoaPods installation.\" >&2\n    exit 1\nfi\n# This output is used by Xcode 'outputs' to avoid re-running this script phase.\necho \"SUCCESS\" > \"${SCRIPT_OUTPUT_FILE_0}\"\n";
			showEnvVarsInLog = 0;
		};
		F88964DDF5988D02715B586F /* [CP] Embed Pods Frameworks */ = {
			isa = PBXShellScriptBuildPhase;
			buildActionMask = 2147483647;
			files = (
			);
			inputPaths = (
				"${SRCROOT}/Pods/Target Support Files/Pods-Qoot/Pods-Qoot-frameworks.sh",
				"${BUILT_PRODUCTS_DIR}/IQKeyboardManagerSwift/IQKeyboardManagerSwift.framework",
				"${BUILT_PRODUCTS_DIR}/MBProgressHUD/MBProgressHUD.framework",
				"${BUILT_PRODUCTS_DIR}/SDWebImage/SDWebImage.framework",
			);
			name = "[CP] Embed Pods Frameworks";
			outputPaths = (
				"${TARGET_BUILD_DIR}/${FRAMEWORKS_FOLDER_PATH}/IQKeyboardManagerSwift.framework",
				"${TARGET_BUILD_DIR}/${FRAMEWORKS_FOLDER_PATH}/MBProgressHUD.framework",
				"${TARGET_BUILD_DIR}/${FRAMEWORKS_FOLDER_PATH}/SDWebImage.framework",
			);
			runOnlyForDeploymentPostprocessing = 0;
			shellPath = /bin/sh;
			shellScript = "\"${SRCROOT}/Pods/Target Support Files/Pods-Qoot/Pods-Qoot-frameworks.sh\"\n";
			showEnvVarsInLog = 0;
		};
/* End PBXShellScriptBuildPhase section */

/* Begin PBXSourcesBuildPhase section */
		D00FACCA2112DF1200C8C176 /* Sources */ = {
			isa = PBXSourcesBuildPhase;
			buildActionMask = 2147483647;
			files = (
				D00FAD242112EE5D00C8C176 /* UIColorExtension.swift in Sources */,
				D00FAD202112EE5D00C8C176 /* Reachability.m in Sources */,
				D00FAD222112EE5D00C8C176 /* CoreDataHandler.swift in Sources */,
				D00FAD182112EE5D00C8C176 /* FetchApiUrls.swift in Sources */,
				D00FAD252112EE5D00C8C176 /* UIImageViewExtensions.swift in Sources */,
				D0C865622113477800383A48 /* BaseViewController.swift in Sources */,
				D00FAD192112EE5D00C8C176 /* ProductManager.swift in Sources */,
				D00FAD1F2112EE5D00C8C176 /* CLNetworkUtility.swift in Sources */,
				D00FAD1A2112EE5D00C8C176 /* UserManager.swift in Sources */,
				D00FAD2A2112EE5D00C8C176 /* CCUtility.swift in Sources */,
				D00FAD1E2112EE5D00C8C176 /* CLNetworkModel.swift in Sources */,
				D00FAD262112EE5D00C8C176 /* UIViewExtensions.swift in Sources */,
				D00FAD232112EE5D00C8C176 /* StringExtensions.swift in Sources */,
				D00FAD1C2112EE5D00C8C176 /* CLBaseService.swift in Sources */,
				D00FAD282112EE5D00C8C176 /* L012Localizer.swift in Sources */,
				D00FAD272112EE5D00C8C176 /* LanguageManger.swift in Sources */,
				D00FAD172112EE5D00C8C176 /* CartManager.swift in Sources */,
				D00FACD22112DF1200C8C176 /* AppDelegate.swift in Sources */,
				D00FAD1B2112EE5D00C8C176 /* ApplicationController.swift in Sources */,
				D00FAD292112EE5D00C8C176 /* L102Language.swift in Sources */,
				D00FACDA2112DF1300C8C176 /* Qoot.xcdatamodeld in Sources */,
				D00FAD1D2112EE5D00C8C176 /* CLNetworkManager.swift in Sources */,
				D00FAD212112EE5D00C8C176 /* Constants.swift in Sources */,
			);
			runOnlyForDeploymentPostprocessing = 0;
		};
/* End PBXSourcesBuildPhase section */

/* Begin PBXVariantGroup section */
		D00FACD52112DF1300C8C176 /* Main.storyboard */ = {
			isa = PBXVariantGroup;
			children = (
				D00FACD62112DF1300C8C176 /* Base */,
				D00FACF12112EDA300C8C176 /* ar */,
			);
			name = Main.storyboard;
			sourceTree = "<group>";
		};
		D00FACDD2112DF2200C8C176 /* LaunchScreen.storyboard */ = {
			isa = PBXVariantGroup;
			children = (
				D00FACDE2112DF2200C8C176 /* Base */,
				D00FACF22112EDA300C8C176 /* ar */,
			);
			name = LaunchScreen.storyboard;
			sourceTree = "<group>";
		};
		D00FACEF2112ED4100C8C176 /* Localizable.strings */ = {
			isa = PBXVariantGroup;
			children = (
				D00FACF02112ED6100C8C176 /* Base */,
				D00FACF32112EDA300C8C176 /* ar */,
			);
			name = Localizable.strings;
			sourceTree = "<group>";
		};
/* End PBXVariantGroup section */

/* Begin XCBuildConfiguration section */
		D00FACE12112DF2200C8C176 /* Debug */ = {
			isa = XCBuildConfiguration;
			buildSettings = {
				ALWAYS_SEARCH_USER_PATHS = NO;
				CLANG_ANALYZER_LOCALIZABILITY_NONLOCALIZED = YES;
				CLANG_ANALYZER_NONNULL = YES;
				CLANG_ANALYZER_NUMBER_OBJECT_CONVERSION = YES_AGGRESSIVE;
				CLANG_CXX_LANGUAGE_STANDARD = "gnu++14";
				CLANG_CXX_LIBRARY = "libc++";
				CLANG_ENABLE_MODULES = YES;
				CLANG_ENABLE_OBJC_ARC = YES;
				CLANG_ENABLE_OBJC_WEAK = YES;
				CLANG_WARN_BLOCK_CAPTURE_AUTORELEASING = YES;
				CLANG_WARN_BOOL_CONVERSION = YES;
				CLANG_WARN_COMMA = YES;
				CLANG_WARN_CONSTANT_CONVERSION = YES;
				CLANG_WARN_DEPRECATED_OBJC_IMPLEMENTATIONS = YES;
				CLANG_WARN_DIRECT_OBJC_ISA_USAGE = YES_ERROR;
				CLANG_WARN_DOCUMENTATION_COMMENTS = YES;
				CLANG_WARN_EMPTY_BODY = YES;
				CLANG_WARN_ENUM_CONVERSION = YES;
				CLANG_WARN_INFINITE_RECURSION = YES;
				CLANG_WARN_INT_CONVERSION = YES;
				CLANG_WARN_NON_LITERAL_NULL_CONVERSION = YES;
				CLANG_WARN_OBJC_IMPLICIT_RETAIN_SELF = YES;
				CLANG_WARN_OBJC_LITERAL_CONVERSION = YES;
				CLANG_WARN_OBJC_ROOT_CLASS = YES_ERROR;
				CLANG_WARN_RANGE_LOOP_ANALYSIS = YES;
				CLANG_WARN_STRICT_PROTOTYPES = YES;
				CLANG_WARN_SUSPICIOUS_MOVE = YES;
				CLANG_WARN_UNGUARDED_AVAILABILITY = YES_AGGRESSIVE;
				CLANG_WARN_UNREACHABLE_CODE = YES;
				CLANG_WARN__DUPLICATE_METHOD_MATCH = YES;
				CODE_SIGN_IDENTITY = "iPhone Developer";
				COPY_PHASE_STRIP = NO;
				DEBUG_INFORMATION_FORMAT = dwarf;
				ENABLE_STRICT_OBJC_MSGSEND = YES;
				ENABLE_TESTABILITY = YES;
				GCC_C_LANGUAGE_STANDARD = gnu11;
				GCC_DYNAMIC_NO_PIC = NO;
				GCC_NO_COMMON_BLOCKS = YES;
				GCC_OPTIMIZATION_LEVEL = 0;
				GCC_PREPROCESSOR_DEFINITIONS = (
					"DEBUG=1",
					"$(inherited)",
				);
				GCC_WARN_64_TO_32_BIT_CONVERSION = YES;
				GCC_WARN_ABOUT_RETURN_TYPE = YES_ERROR;
				GCC_WARN_UNDECLARED_SELECTOR = YES;
				GCC_WARN_UNINITIALIZED_AUTOS = YES_AGGRESSIVE;
				GCC_WARN_UNUSED_FUNCTION = YES;
				GCC_WARN_UNUSED_VARIABLE = YES;
				IPHONEOS_DEPLOYMENT_TARGET = 11.3;
				MTL_ENABLE_DEBUG_INFO = YES;
				ONLY_ACTIVE_ARCH = YES;
				SDKROOT = iphoneos;
				SWIFT_ACTIVE_COMPILATION_CONDITIONS = DEBUG;
				SWIFT_OPTIMIZATION_LEVEL = "-Onone";
			};
			name = Debug;
		};
		D00FACE22112DF2200C8C176 /* Release */ = {
			isa = XCBuildConfiguration;
			buildSettings = {
				ALWAYS_SEARCH_USER_PATHS = NO;
				CLANG_ANALYZER_LOCALIZABILITY_NONLOCALIZED = YES;
				CLANG_ANALYZER_NONNULL = YES;
				CLANG_ANALYZER_NUMBER_OBJECT_CONVERSION = YES_AGGRESSIVE;
				CLANG_CXX_LANGUAGE_STANDARD = "gnu++14";
				CLANG_CXX_LIBRARY = "libc++";
				CLANG_ENABLE_MODULES = YES;
				CLANG_ENABLE_OBJC_ARC = YES;
				CLANG_ENABLE_OBJC_WEAK = YES;
				CLANG_WARN_BLOCK_CAPTURE_AUTORELEASING = YES;
				CLANG_WARN_BOOL_CONVERSION = YES;
				CLANG_WARN_COMMA = YES;
				CLANG_WARN_CONSTANT_CONVERSION = YES;
				CLANG_WARN_DEPRECATED_OBJC_IMPLEMENTATIONS = YES;
				CLANG_WARN_DIRECT_OBJC_ISA_USAGE = YES_ERROR;
				CLANG_WARN_DOCUMENTATION_COMMENTS = YES;
				CLANG_WARN_EMPTY_BODY = YES;
				CLANG_WARN_ENUM_CONVERSION = YES;
				CLANG_WARN_INFINITE_RECURSION = YES;
				CLANG_WARN_INT_CONVERSION = YES;
				CLANG_WARN_NON_LITERAL_NULL_CONVERSION = YES;
				CLANG_WARN_OBJC_IMPLICIT_RETAIN_SELF = YES;
				CLANG_WARN_OBJC_LITERAL_CONVERSION = YES;
				CLANG_WARN_OBJC_ROOT_CLASS = YES_ERROR;
				CLANG_WARN_RANGE_LOOP_ANALYSIS = YES;
				CLANG_WARN_STRICT_PROTOTYPES = YES;
				CLANG_WARN_SUSPICIOUS_MOVE = YES;
				CLANG_WARN_UNGUARDED_AVAILABILITY = YES_AGGRESSIVE;
				CLANG_WARN_UNREACHABLE_CODE = YES;
				CLANG_WARN__DUPLICATE_METHOD_MATCH = YES;
				CODE_SIGN_IDENTITY = "iPhone Developer";
				COPY_PHASE_STRIP = NO;
				DEBUG_INFORMATION_FORMAT = "dwarf-with-dsym";
				ENABLE_NS_ASSERTIONS = NO;
				ENABLE_STRICT_OBJC_MSGSEND = YES;
				GCC_C_LANGUAGE_STANDARD = gnu11;
				GCC_NO_COMMON_BLOCKS = YES;
				GCC_WARN_64_TO_32_BIT_CONVERSION = YES;
				GCC_WARN_ABOUT_RETURN_TYPE = YES_ERROR;
				GCC_WARN_UNDECLARED_SELECTOR = YES;
				GCC_WARN_UNINITIALIZED_AUTOS = YES_AGGRESSIVE;
				GCC_WARN_UNUSED_FUNCTION = YES;
				GCC_WARN_UNUSED_VARIABLE = YES;
				IPHONEOS_DEPLOYMENT_TARGET = 11.3;
				MTL_ENABLE_DEBUG_INFO = NO;
				SDKROOT = iphoneos;
				SWIFT_COMPILATION_MODE = wholemodule;
				SWIFT_OPTIMIZATION_LEVEL = "-O";
				VALIDATE_PRODUCT = YES;
			};
			name = Release;
		};
		D00FACE42112DF2200C8C176 /* Debug */ = {
			isa = XCBuildConfiguration;
			baseConfigurationReference = 1D207D2219F2B6C42392CCB5 /* Pods-Qoot.debug.xcconfig */;
			buildSettings = {
				ASSETCATALOG_COMPILER_APPICON_NAME = AppIcon;
				CODE_SIGN_IDENTITY = "iPhone Developer";
				CODE_SIGN_STYLE = Automatic;
				DEVELOPMENT_TEAM = WVYK59KXPF;
				INFOPLIST_FILE = Qoot/Info.plist;
				IPHONEOS_DEPLOYMENT_TARGET = 10.0;
				LD_RUNPATH_SEARCH_PATHS = (
					"$(inherited)",
					"@executable_path/Frameworks",
				);
				PRODUCT_BUNDLE_IDENTIFIER = com.qoot.ios;
				PRODUCT_NAME = "$(TARGET_NAME)";
				PROVISIONING_PROFILE_SPECIFIER = "";
				SWIFT_OBJC_BRIDGING_HEADER = "Qoot/Helper/BridgingHeader/Qoot-Bridging-Header.h";
				SWIFT_VERSION = 4.0;
				TARGETED_DEVICE_FAMILY = "1,2";
			};
			name = Debug;
		};
		D00FACE52112DF2200C8C176 /* Release */ = {
			isa = XCBuildConfiguration;
			baseConfigurationReference = 8442CA29F0944557CAEC8358 /* Pods-Qoot.release.xcconfig */;
			buildSettings = {
				ASSETCATALOG_COMPILER_APPICON_NAME = AppIcon;
				CODE_SIGN_IDENTITY = "iPhone Developer";
				CODE_SIGN_STYLE = Automatic;
				DEVELOPMENT_TEAM = WVYK59KXPF;
				INFOPLIST_FILE = Qoot/Info.plist;
				IPHONEOS_DEPLOYMENT_TARGET = 10.0;
				LD_RUNPATH_SEARCH_PATHS = (
					"$(inherited)",
					"@executable_path/Frameworks",
				);
				PRODUCT_BUNDLE_IDENTIFIER = com.qoot.ios;
				PRODUCT_NAME = "$(TARGET_NAME)";
				PROVISIONING_PROFILE_SPECIFIER = "";
				SWIFT_VERSION = 4.0;
				TARGETED_DEVICE_FAMILY = "1,2";
			};
			name = Release;
		};
/* End XCBuildConfiguration section */

/* Begin XCConfigurationList section */
		D00FACC92112DF1200C8C176 /* Build configuration list for PBXProject "Qoot" */ = {
			isa = XCConfigurationList;
			buildConfigurations = (
				D00FACE12112DF2200C8C176 /* Debug */,
				D00FACE22112DF2200C8C176 /* Release */,
			);
			defaultConfigurationIsVisible = 0;
			defaultConfigurationName = Release;
		};
		D00FACE32112DF2200C8C176 /* Build configuration list for PBXNativeTarget "Qoot" */ = {
			isa = XCConfigurationList;
			buildConfigurations = (
				D00FACE42112DF2200C8C176 /* Debug */,
				D00FACE52112DF2200C8C176 /* Release */,
			);
			defaultConfigurationIsVisible = 0;
			defaultConfigurationName = Release;
		};
/* End XCConfigurationList section */

/* Begin XCVersionGroup section */
		D00FACD82112DF1300C8C176 /* Qoot.xcdatamodeld */ = {
			isa = XCVersionGroup;
			children = (
				D00FACD92112DF1300C8C176 /* Qoot.xcdatamodel */,
			);
			currentVersion = D00FACD92112DF1300C8C176 /* Qoot.xcdatamodel */;
			path = Qoot.xcdatamodeld;
			sourceTree = "<group>";
			versionGroupType = wrapper.xcdatamodel;
		};
/* End XCVersionGroup section */
	};
	rootObject = D00FACC62112DF1200C8C176 /* Project object */;
}
