// !$*UTF8*$!
{
	archiveVersion = 1;
	classes = {
	};
	objectVersion = 50;
	objects = {

/* Begin PBXBuildFile section */
		6BBE3BB0AA2865610FEB4727 /* Pods_Qoot.framework in Frameworks */ = {isa = PBXBuildFile; fileRef = 0241056357D52B915276A9CD /* Pods_Qoot.framework */; };
		BC388DE621196775002CC86A /* ItemDetailTableCell.swift in Sources */ = {isa = PBXBuildFile; fileRef = BC388DE421196775002CC86A /* ItemDetailTableCell.swift */; };
		BC388DE721196775002CC86A /* ItemDetailTableCell.xib in Resources */ = {isa = PBXBuildFile; fileRef = BC388DE521196775002CC86A /* ItemDetailTableCell.xib */; };
		BC388DEC21198BA1002CC86A /* DeliveryDetailsVC.swift in Sources */ = {isa = PBXBuildFile; fileRef = BC388DEA21198BA1002CC86A /* DeliveryDetailsVC.swift */; };
		BC388DED21198BA1002CC86A /* DeliveryDetailsVC.xib in Resources */ = {isa = PBXBuildFile; fileRef = BC388DEB21198BA1002CC86A /* DeliveryDetailsVC.xib */; };
		BC388DF12119928C002CC86A /* AddressTableCell.swift in Sources */ = {isa = PBXBuildFile; fileRef = BC388DEF2119928C002CC86A /* AddressTableCell.swift */; };
		BC388DF22119928C002CC86A /* AddressTableCell.xib in Resources */ = {isa = PBXBuildFile; fileRef = BC388DF02119928C002CC86A /* AddressTableCell.xib */; };
		BC388DF62119A2A6002CC86A /* PaymentTableCell.swift in Sources */ = {isa = PBXBuildFile; fileRef = BC388DF42119A2A6002CC86A /* PaymentTableCell.swift */; };
		BC388DF72119A2A6002CC86A /* PaymentTableCell.xib in Resources */ = {isa = PBXBuildFile; fileRef = BC388DF52119A2A6002CC86A /* PaymentTableCell.xib */; };
		BC93070321181F7600D129B7 /* CartVC.swift in Sources */ = {isa = PBXBuildFile; fileRef = BC93070121181F7600D129B7 /* CartVC.swift */; };
		BC93070421181F7600D129B7 /* CartVC.xib in Resources */ = {isa = PBXBuildFile; fileRef = BC93070221181F7600D129B7 /* CartVC.xib */; };
		BC9307092118319A00D129B7 /* CartTableCell.swift in Sources */ = {isa = PBXBuildFile; fileRef = BC9307072118319A00D129B7 /* CartTableCell.swift */; };
		BC93070A2118319A00D129B7 /* CartTableCell.xib in Resources */ = {isa = PBXBuildFile; fileRef = BC9307082118319A00D129B7 /* CartTableCell.xib */; };
		BC9C16A0211948D500ED49A4 /* OrderListVC.swift in Sources */ = {isa = PBXBuildFile; fileRef = BC9C169B211948D500ED49A4 /* OrderListVC.swift */; };
		BC9C16A1211948D500ED49A4 /* OrderListVC.xib in Resources */ = {isa = PBXBuildFile; fileRef = BC9C169C211948D500ED49A4 /* OrderListVC.xib */; };
		BC9C16A2211948D500ED49A4 /* PastOrderTableCell.swift in Sources */ = {isa = PBXBuildFile; fileRef = BC9C169E211948D500ED49A4 /* PastOrderTableCell.swift */; };
		BC9C16A3211948D500ED49A4 /* PastOrderTableCell.xib in Resources */ = {isa = PBXBuildFile; fileRef = BC9C169F211948D500ED49A4 /* PastOrderTableCell.xib */; };
		BCB66BC9211D4545002FB1FF /* InfoHeaderView.swift in Sources */ = {isa = PBXBuildFile; fileRef = BCB66BC1211D4545002FB1FF /* InfoHeaderView.swift */; };
		BCB66BCA211D4545002FB1FF /* InfoHeaderView.xib in Resources */ = {isa = PBXBuildFile; fileRef = BCB66BC2211D4545002FB1FF /* InfoHeaderView.xib */; };
		BCB66BCD211D4545002FB1FF /* ReviewsHeaderView.swift in Sources */ = {isa = PBXBuildFile; fileRef = BCB66BC7211D4545002FB1FF /* ReviewsHeaderView.swift */; };
		BCB66BCE211D4545002FB1FF /* ReviewsHeaderView.xib in Resources */ = {isa = PBXBuildFile; fileRef = BCB66BC8211D4545002FB1FF /* ReviewsHeaderView.xib */; };
		BCB66BD6211D7D3F002FB1FF /* ReviewsTableCell.swift in Sources */ = {isa = PBXBuildFile; fileRef = BCB66BD4211D7D3F002FB1FF /* ReviewsTableCell.swift */; };
		BCB66BD7211D7D3F002FB1FF /* ReviewsTableCell.xib in Resources */ = {isa = PBXBuildFile; fileRef = BCB66BD5211D7D3F002FB1FF /* ReviewsTableCell.xib */; };
		D00A25CE211A82A6008B4D00 /* MenuHeaderView.swift in Sources */ = {isa = PBXBuildFile; fileRef = D00A25CD211A82A6008B4D00 /* MenuHeaderView.swift */; };
		D00A25D0211A82BC008B4D00 /* MenuHeaderView.xib in Resources */ = {isa = PBXBuildFile; fileRef = D00A25CF211A82BC008B4D00 /* MenuHeaderView.xib */; };
		D00FACD22112DF1200C8C176 /* AppDelegate.swift in Sources */ = {isa = PBXBuildFile; fileRef = D00FACD12112DF1200C8C176 /* AppDelegate.swift */; };
		D00FACD72112DF1300C8C176 /* Main.storyboard in Resources */ = {isa = PBXBuildFile; fileRef = D00FACD52112DF1300C8C176 /* Main.storyboard */; };
		D00FACDA2112DF1300C8C176 /* Qoot.xcdatamodeld in Sources */ = {isa = PBXBuildFile; fileRef = D00FACD82112DF1300C8C176 /* Qoot.xcdatamodeld */; };
		D00FACDC2112DF2200C8C176 /* Assets.xcassets in Resources */ = {isa = PBXBuildFile; fileRef = D00FACDB2112DF2200C8C176 /* Assets.xcassets */; };
		D00FACDF2112DF2200C8C176 /* LaunchScreen.storyboard in Resources */ = {isa = PBXBuildFile; fileRef = D00FACDD2112DF2200C8C176 /* LaunchScreen.storyboard */; };
		D00FACED2112ED4100C8C176 /* Localizable.strings in Resources */ = {isa = PBXBuildFile; fileRef = D00FACEF2112ED4100C8C176 /* Localizable.strings */; };
		D00FAD172112EE5D00C8C176 /* CartManager.swift in Sources */ = {isa = PBXBuildFile; fileRef = D00FACF62112EE5D00C8C176 /* CartManager.swift */; };
		D00FAD182112EE5D00C8C176 /* FetchApiUrls.swift in Sources */ = {isa = PBXBuildFile; fileRef = D00FACF72112EE5D00C8C176 /* FetchApiUrls.swift */; };
		D00FAD192112EE5D00C8C176 /* ProductManager.swift in Sources */ = {isa = PBXBuildFile; fileRef = D00FACF82112EE5D00C8C176 /* ProductManager.swift */; };
		D00FAD1A2112EE5D00C8C176 /* UserManager.swift in Sources */ = {isa = PBXBuildFile; fileRef = D00FACF92112EE5D00C8C176 /* UserManager.swift */; };
		D00FAD1B2112EE5D00C8C176 /* ApplicationController.swift in Sources */ = {isa = PBXBuildFile; fileRef = D00FACFB2112EE5D00C8C176 /* ApplicationController.swift */; };
		D00FAD1C2112EE5D00C8C176 /* CLBaseService.swift in Sources */ = {isa = PBXBuildFile; fileRef = D00FACFD2112EE5D00C8C176 /* CLBaseService.swift */; };
		D00FAD1D2112EE5D00C8C176 /* CLNetworkManager.swift in Sources */ = {isa = PBXBuildFile; fileRef = D00FACFE2112EE5D00C8C176 /* CLNetworkManager.swift */; };
		D00FAD1E2112EE5D00C8C176 /* CLNetworkModel.swift in Sources */ = {isa = PBXBuildFile; fileRef = D00FACFF2112EE5D00C8C176 /* CLNetworkModel.swift */; };
		D00FAD1F2112EE5D00C8C176 /* CLNetworkUtility.swift in Sources */ = {isa = PBXBuildFile; fileRef = D00FAD002112EE5D00C8C176 /* CLNetworkUtility.swift */; };
		D00FAD202112EE5D00C8C176 /* Reachability.m in Sources */ = {isa = PBXBuildFile; fileRef = D00FAD032112EE5D00C8C176 /* Reachability.m */; };
		D00FAD212112EE5D00C8C176 /* Constants.swift in Sources */ = {isa = PBXBuildFile; fileRef = D00FAD072112EE5D00C8C176 /* Constants.swift */; };
		D00FAD222112EE5D00C8C176 /* CoreDataHandler.swift in Sources */ = {isa = PBXBuildFile; fileRef = D00FAD092112EE5D00C8C176 /* CoreDataHandler.swift */; };
		D00FAD232112EE5D00C8C176 /* StringExtensions.swift in Sources */ = {isa = PBXBuildFile; fileRef = D00FAD0B2112EE5D00C8C176 /* StringExtensions.swift */; };
		D00FAD242112EE5D00C8C176 /* UIColorExtension.swift in Sources */ = {isa = PBXBuildFile; fileRef = D00FAD0C2112EE5D00C8C176 /* UIColorExtension.swift */; };
		D00FAD252112EE5D00C8C176 /* UIImageViewExtensions.swift in Sources */ = {isa = PBXBuildFile; fileRef = D00FAD0D2112EE5D00C8C176 /* UIImageViewExtensions.swift */; };
		D00FAD262112EE5D00C8C176 /* UIViewExtensions.swift in Sources */ = {isa = PBXBuildFile; fileRef = D00FAD0E2112EE5D00C8C176 /* UIViewExtensions.swift */; };
		D00FAD272112EE5D00C8C176 /* LanguageManger.swift in Sources */ = {isa = PBXBuildFile; fileRef = D00FAD112112EE5D00C8C176 /* LanguageManger.swift */; };
		D00FAD282112EE5D00C8C176 /* L012Localizer.swift in Sources */ = {isa = PBXBuildFile; fileRef = D00FAD132112EE5D00C8C176 /* L012Localizer.swift */; };
		D00FAD292112EE5D00C8C176 /* L102Language.swift in Sources */ = {isa = PBXBuildFile; fileRef = D00FAD142112EE5D00C8C176 /* L102Language.swift */; };
		D00FAD2A2112EE5D00C8C176 /* CCUtility.swift in Sources */ = {isa = PBXBuildFile; fileRef = D00FAD162112EE5D00C8C176 /* CCUtility.swift */; };
		D01888AE2115388800B01946 /* ExSlideMenuController.swift in Sources */ = {isa = PBXBuildFile; fileRef = D01888AD2115388800B01946 /* ExSlideMenuController.swift */; };
		D01888B5211539CA00B01946 /* HomeVC.swift in Sources */ = {isa = PBXBuildFile; fileRef = D01888B3211539CA00B01946 /* HomeVC.swift */; };
		D01888B6211539CA00B01946 /* HomeVC.xib in Resources */ = {isa = PBXBuildFile; fileRef = D01888B4211539CA00B01946 /* HomeVC.xib */; };
		D01888BD21153A0E00B01946 /* ProductDetailVC.swift in Sources */ = {isa = PBXBuildFile; fileRef = D01888B821153A0E00B01946 /* ProductDetailVC.swift */; };
		D01888BE21153A0E00B01946 /* ProductDetailVC.xib in Resources */ = {isa = PBXBuildFile; fileRef = D01888B921153A0E00B01946 /* ProductDetailVC.xib */; };
		D01888BF21153A0E00B01946 /* ViewMoreVC.swift in Sources */ = {isa = PBXBuildFile; fileRef = D01888BB21153A0E00B01946 /* ViewMoreVC.swift */; };
		D01888C021153A0E00B01946 /* ViewMoreVC.xib in Resources */ = {isa = PBXBuildFile; fileRef = D01888BC21153A0E00B01946 /* ViewMoreVC.xib */; };
		D01888C821153A1800B01946 /* HomeCollectionCell.swift in Sources */ = {isa = PBXBuildFile; fileRef = D01888C321153A1800B01946 /* HomeCollectionCell.swift */; };
		D01888C921153A1800B01946 /* HomeCollectionCell.xib in Resources */ = {isa = PBXBuildFile; fileRef = D01888C421153A1800B01946 /* HomeCollectionCell.xib */; };
		D01888CA21153A1800B01946 /* HomeTableCell.swift in Sources */ = {isa = PBXBuildFile; fileRef = D01888C621153A1800B01946 /* HomeTableCell.swift */; };
		D01888CB21153A1800B01946 /* HomeTableCell.xib in Resources */ = {isa = PBXBuildFile; fileRef = D01888C721153A1800B01946 /* HomeTableCell.xib */; };
		D01888CF21153D6D00B01946 /* MenuVC.swift in Sources */ = {isa = PBXBuildFile; fileRef = D01888CD21153D6D00B01946 /* MenuVC.swift */; };
		D01888D021153D6D00B01946 /* MenuVC.xib in Resources */ = {isa = PBXBuildFile; fileRef = D01888CE21153D6D00B01946 /* MenuVC.xib */; };
		D05D505D2118005400645956 /* SearchResultsVC.swift in Sources */ = {isa = PBXBuildFile; fileRef = D05D505B2118005400645956 /* SearchResultsVC.swift */; };
		D05D505E2118005400645956 /* SearchResultsVC.xib in Resources */ = {isa = PBXBuildFile; fileRef = D05D505C2118005400645956 /* SearchResultsVC.xib */; };
		D05D50622118025300645956 /* SearchResultsTVC.swift in Sources */ = {isa = PBXBuildFile; fileRef = D05D50602118025300645956 /* SearchResultsTVC.swift */; };
		D05D50632118025300645956 /* SearchResultsTVC.xib in Resources */ = {isa = PBXBuildFile; fileRef = D05D50612118025300645956 /* SearchResultsTVC.xib */; };
		D05D506C2118635800645956 /* SearchDetailVC.swift in Sources */ = {isa = PBXBuildFile; fileRef = D05D506A2118635800645956 /* SearchDetailVC.swift */; };
		D05D506D2118635800645956 /* SearchDetailVC.xib in Resources */ = {isa = PBXBuildFile; fileRef = D05D506B2118635800645956 /* SearchDetailVC.xib */; };
		D05D50712118734E00645956 /* MenuTVC.swift in Sources */ = {isa = PBXBuildFile; fileRef = D05D506F2118734E00645956 /* MenuTVC.swift */; };
		D05D50722118734E00645956 /* MenuTVC.xib in Resources */ = {isa = PBXBuildFile; fileRef = D05D50702118734E00645956 /* MenuTVC.xib */; };
		D0C865622113477800383A48 /* BaseViewController.swift in Sources */ = {isa = PBXBuildFile; fileRef = D0C865612113477800383A48 /* BaseViewController.swift */; };
		D0C865642113608400383A48 /* DashboardVC.swift in Sources */ = {isa = PBXBuildFile; fileRef = D0C865632113608400383A48 /* DashboardVC.swift */; };
		D0C865672113739500383A48 /* RegisterVC.swift in Sources */ = {isa = PBXBuildFile; fileRef = D0C865662113739500383A48 /* RegisterVC.swift */; };
		D0F9E11921161B1F004F7833 /* ManuTVC.swift in Sources */ = {isa = PBXBuildFile; fileRef = D0F9E11721161B1F004F7833 /* ManuTVC.swift */; };
		D0F9E11A21161B1F004F7833 /* ManuTVC.xib in Resources */ = {isa = PBXBuildFile; fileRef = D0F9E11821161B1F004F7833 /* ManuTVC.xib */; };
/* End PBXBuildFile section */

/* Begin PBXFileReference section */
		0241056357D52B915276A9CD /* Pods_Qoot.framework */ = {isa = PBXFileReference; explicitFileType = wrapper.framework; includeInIndex = 0; path = Pods_Qoot.framework; sourceTree = BUILT_PRODUCTS_DIR; };
		1D207D2219F2B6C42392CCB5 /* Pods-Qoot.debug.xcconfig */ = {isa = PBXFileReference; includeInIndex = 1; lastKnownFileType = text.xcconfig; name = "Pods-Qoot.debug.xcconfig"; path = "Pods/Target Support Files/Pods-Qoot/Pods-Qoot.debug.xcconfig"; sourceTree = "<group>"; };
		8442CA29F0944557CAEC8358 /* Pods-Qoot.release.xcconfig */ = {isa = PBXFileReference; includeInIndex = 1; lastKnownFileType = text.xcconfig; name = "Pods-Qoot.release.xcconfig"; path = "Pods/Target Support Files/Pods-Qoot/Pods-Qoot.release.xcconfig"; sourceTree = "<group>"; };
		BC388DE421196775002CC86A /* ItemDetailTableCell.swift */ = {isa = PBXFileReference; lastKnownFileType = sourcecode.swift; path = ItemDetailTableCell.swift; sourceTree = "<group>"; };
		BC388DE521196775002CC86A /* ItemDetailTableCell.xib */ = {isa = PBXFileReference; lastKnownFileType = file.xib; path = ItemDetailTableCell.xib; sourceTree = "<group>"; };
		BC388DEA21198BA1002CC86A /* DeliveryDetailsVC.swift */ = {isa = PBXFileReference; lastKnownFileType = sourcecode.swift; path = DeliveryDetailsVC.swift; sourceTree = "<group>"; };
		BC388DEB21198BA1002CC86A /* DeliveryDetailsVC.xib */ = {isa = PBXFileReference; lastKnownFileType = file.xib; path = DeliveryDetailsVC.xib; sourceTree = "<group>"; };
		BC388DEF2119928C002CC86A /* AddressTableCell.swift */ = {isa = PBXFileReference; lastKnownFileType = sourcecode.swift; path = AddressTableCell.swift; sourceTree = "<group>"; };
		BC388DF02119928C002CC86A /* AddressTableCell.xib */ = {isa = PBXFileReference; lastKnownFileType = file.xib; path = AddressTableCell.xib; sourceTree = "<group>"; };
		BC388DF42119A2A6002CC86A /* PaymentTableCell.swift */ = {isa = PBXFileReference; lastKnownFileType = sourcecode.swift; path = PaymentTableCell.swift; sourceTree = "<group>"; };
		BC388DF52119A2A6002CC86A /* PaymentTableCell.xib */ = {isa = PBXFileReference; lastKnownFileType = file.xib; path = PaymentTableCell.xib; sourceTree = "<group>"; };
		BC93070121181F7600D129B7 /* CartVC.swift */ = {isa = PBXFileReference; lastKnownFileType = sourcecode.swift; path = CartVC.swift; sourceTree = "<group>"; };
		BC93070221181F7600D129B7 /* CartVC.xib */ = {isa = PBXFileReference; lastKnownFileType = file.xib; path = CartVC.xib; sourceTree = "<group>"; };
		BC9307072118319A00D129B7 /* CartTableCell.swift */ = {isa = PBXFileReference; lastKnownFileType = sourcecode.swift; path = CartTableCell.swift; sourceTree = "<group>"; };
		BC9307082118319A00D129B7 /* CartTableCell.xib */ = {isa = PBXFileReference; lastKnownFileType = file.xib; path = CartTableCell.xib; sourceTree = "<group>"; };
		BC9C169B211948D500ED49A4 /* OrderListVC.swift */ = {isa = PBXFileReference; fileEncoding = 4; lastKnownFileType = sourcecode.swift; path = OrderListVC.swift; sourceTree = "<group>"; };
		BC9C169C211948D500ED49A4 /* OrderListVC.xib */ = {isa = PBXFileReference; fileEncoding = 4; lastKnownFileType = file.xib; path = OrderListVC.xib; sourceTree = "<group>"; };
		BC9C169E211948D500ED49A4 /* PastOrderTableCell.swift */ = {isa = PBXFileReference; fileEncoding = 4; lastKnownFileType = sourcecode.swift; path = PastOrderTableCell.swift; sourceTree = "<group>"; };
		BC9C169F211948D500ED49A4 /* PastOrderTableCell.xib */ = {isa = PBXFileReference; fileEncoding = 4; lastKnownFileType = file.xib; path = PastOrderTableCell.xib; sourceTree = "<group>"; };
		BCB66BC1211D4545002FB1FF /* InfoHeaderView.swift */ = {isa = PBXFileReference; fileEncoding = 4; lastKnownFileType = sourcecode.swift; path = InfoHeaderView.swift; sourceTree = "<group>"; };
		BCB66BC2211D4545002FB1FF /* InfoHeaderView.xib */ = {isa = PBXFileReference; fileEncoding = 4; lastKnownFileType = file.xib; path = InfoHeaderView.xib; sourceTree = "<group>"; };
		BCB66BC7211D4545002FB1FF /* ReviewsHeaderView.swift */ = {isa = PBXFileReference; fileEncoding = 4; lastKnownFileType = sourcecode.swift; path = ReviewsHeaderView.swift; sourceTree = "<group>"; };
		BCB66BC8211D4545002FB1FF /* ReviewsHeaderView.xib */ = {isa = PBXFileReference; fileEncoding = 4; lastKnownFileType = file.xib; path = ReviewsHeaderView.xib; sourceTree = "<group>"; };
		BCB66BD4211D7D3F002FB1FF /* ReviewsTableCell.swift */ = {isa = PBXFileReference; lastKnownFileType = sourcecode.swift; path = ReviewsTableCell.swift; sourceTree = "<group>"; };
		BCB66BD5211D7D3F002FB1FF /* ReviewsTableCell.xib */ = {isa = PBXFileReference; lastKnownFileType = file.xib; path = ReviewsTableCell.xib; sourceTree = "<group>"; };
		D00A25CD211A82A6008B4D00 /* MenuHeaderView.swift */ = {isa = PBXFileReference; lastKnownFileType = sourcecode.swift; path = MenuHeaderView.swift; sourceTree = "<group>"; };
		D00A25CF211A82BC008B4D00 /* MenuHeaderView.xib */ = {isa = PBXFileReference; lastKnownFileType = file.xib; path = MenuHeaderView.xib; sourceTree = "<group>"; };
		D00FACCE2112DF1200C8C176 /* Qoot.app */ = {isa = PBXFileReference; explicitFileType = wrapper.application; includeInIndex = 0; path = Qoot.app; sourceTree = BUILT_PRODUCTS_DIR; };
		D00FACD12112DF1200C8C176 /* AppDelegate.swift */ = {isa = PBXFileReference; lastKnownFileType = sourcecode.swift; path = AppDelegate.swift; sourceTree = "<group>"; };
		D00FACD62112DF1300C8C176 /* Base */ = {isa = PBXFileReference; lastKnownFileType = file.storyboard; name = Base; path = Base.lproj/Main.storyboard; sourceTree = "<group>"; };
		D00FACD92112DF1300C8C176 /* Qoot.xcdatamodel */ = {isa = PBXFileReference; lastKnownFileType = wrapper.xcdatamodel; path = Qoot.xcdatamodel; sourceTree = "<group>"; };
		D00FACDB2112DF2200C8C176 /* Assets.xcassets */ = {isa = PBXFileReference; lastKnownFileType = folder.assetcatalog; path = Assets.xcassets; sourceTree = "<group>"; };
		D00FACDE2112DF2200C8C176 /* Base */ = {isa = PBXFileReference; lastKnownFileType = file.storyboard; name = Base; path = Base.lproj/LaunchScreen.storyboard; sourceTree = "<group>"; };
		D00FACE02112DF2200C8C176 /* Info.plist */ = {isa = PBXFileReference; lastKnownFileType = text.plist.xml; path = Info.plist; sourceTree = "<group>"; };
		D00FACF02112ED6100C8C176 /* Base */ = {isa = PBXFileReference; lastKnownFileType = text.plist.strings; name = Base; path = Base.lproj/Localizable.strings; sourceTree = "<group>"; };
		D00FACF12112EDA300C8C176 /* ar */ = {isa = PBXFileReference; lastKnownFileType = text.plist.strings; name = ar; path = ar.lproj/Main.strings; sourceTree = "<group>"; };
		D00FACF22112EDA300C8C176 /* ar */ = {isa = PBXFileReference; lastKnownFileType = text.plist.strings; name = ar; path = ar.lproj/LaunchScreen.strings; sourceTree = "<group>"; };
		D00FACF32112EDA300C8C176 /* ar */ = {isa = PBXFileReference; lastKnownFileType = text.plist.strings; name = ar; path = ar.lproj/Localizable.strings; sourceTree = "<group>"; };
		D00FACF62112EE5D00C8C176 /* CartManager.swift */ = {isa = PBXFileReference; fileEncoding = 4; lastKnownFileType = sourcecode.swift; path = CartManager.swift; sourceTree = "<group>"; };
		D00FACF72112EE5D00C8C176 /* FetchApiUrls.swift */ = {isa = PBXFileReference; fileEncoding = 4; lastKnownFileType = sourcecode.swift; path = FetchApiUrls.swift; sourceTree = "<group>"; };
		D00FACF82112EE5D00C8C176 /* ProductManager.swift */ = {isa = PBXFileReference; fileEncoding = 4; lastKnownFileType = sourcecode.swift; path = ProductManager.swift; sourceTree = "<group>"; };
		D00FACF92112EE5D00C8C176 /* UserManager.swift */ = {isa = PBXFileReference; fileEncoding = 4; lastKnownFileType = sourcecode.swift; path = UserManager.swift; sourceTree = "<group>"; };
		D00FACFB2112EE5D00C8C176 /* ApplicationController.swift */ = {isa = PBXFileReference; fileEncoding = 4; lastKnownFileType = sourcecode.swift; path = ApplicationController.swift; sourceTree = "<group>"; };
		D00FACFD2112EE5D00C8C176 /* CLBaseService.swift */ = {isa = PBXFileReference; fileEncoding = 4; lastKnownFileType = sourcecode.swift; path = CLBaseService.swift; sourceTree = "<group>"; };
		D00FACFE2112EE5D00C8C176 /* CLNetworkManager.swift */ = {isa = PBXFileReference; fileEncoding = 4; lastKnownFileType = sourcecode.swift; path = CLNetworkManager.swift; sourceTree = "<group>"; };
		D00FACFF2112EE5D00C8C176 /* CLNetworkModel.swift */ = {isa = PBXFileReference; fileEncoding = 4; lastKnownFileType = sourcecode.swift; path = CLNetworkModel.swift; sourceTree = "<group>"; };
		D00FAD002112EE5D00C8C176 /* CLNetworkUtility.swift */ = {isa = PBXFileReference; fileEncoding = 4; lastKnownFileType = sourcecode.swift; path = CLNetworkUtility.swift; sourceTree = "<group>"; };
		D00FAD022112EE5D00C8C176 /* Reachability.h */ = {isa = PBXFileReference; fileEncoding = 4; lastKnownFileType = sourcecode.c.h; path = Reachability.h; sourceTree = "<group>"; };
		D00FAD032112EE5D00C8C176 /* Reachability.m */ = {isa = PBXFileReference; fileEncoding = 4; lastKnownFileType = sourcecode.c.objc; path = Reachability.m; sourceTree = "<group>"; };
		D00FAD072112EE5D00C8C176 /* Constants.swift */ = {isa = PBXFileReference; fileEncoding = 4; lastKnownFileType = sourcecode.swift; path = Constants.swift; sourceTree = "<group>"; };
		D00FAD092112EE5D00C8C176 /* CoreDataHandler.swift */ = {isa = PBXFileReference; fileEncoding = 4; lastKnownFileType = sourcecode.swift; path = CoreDataHandler.swift; sourceTree = "<group>"; };
		D00FAD0B2112EE5D00C8C176 /* StringExtensions.swift */ = {isa = PBXFileReference; fileEncoding = 4; lastKnownFileType = sourcecode.swift; path = StringExtensions.swift; sourceTree = "<group>"; };
		D00FAD0C2112EE5D00C8C176 /* UIColorExtension.swift */ = {isa = PBXFileReference; fileEncoding = 4; lastKnownFileType = sourcecode.swift; path = UIColorExtension.swift; sourceTree = "<group>"; };
		D00FAD0D2112EE5D00C8C176 /* UIImageViewExtensions.swift */ = {isa = PBXFileReference; fileEncoding = 4; lastKnownFileType = sourcecode.swift; path = UIImageViewExtensions.swift; sourceTree = "<group>"; };
		D00FAD0E2112EE5D00C8C176 /* UIViewExtensions.swift */ = {isa = PBXFileReference; fileEncoding = 4; lastKnownFileType = sourcecode.swift; path = UIViewExtensions.swift; sourceTree = "<group>"; };
		D00FAD112112EE5D00C8C176 /* LanguageManger.swift */ = {isa = PBXFileReference; fileEncoding = 4; lastKnownFileType = sourcecode.swift; path = LanguageManger.swift; sourceTree = "<group>"; };
		D00FAD132112EE5D00C8C176 /* L012Localizer.swift */ = {isa = PBXFileReference; fileEncoding = 4; lastKnownFileType = sourcecode.swift; path = L012Localizer.swift; sourceTree = "<group>"; };
		D00FAD142112EE5D00C8C176 /* L102Language.swift */ = {isa = PBXFileReference; fileEncoding = 4; lastKnownFileType = sourcecode.swift; path = L102Language.swift; sourceTree = "<group>"; };
		D00FAD162112EE5D00C8C176 /* CCUtility.swift */ = {isa = PBXFileReference; fileEncoding = 4; lastKnownFileType = sourcecode.swift; path = CCUtility.swift; sourceTree = "<group>"; };
		D00FAD2B2112EF8800C8C176 /* Qoot-Bridging-Header.h */ = {isa = PBXFileReference; lastKnownFileType = sourcecode.c.h; path = "Qoot-Bridging-Header.h"; sourceTree = "<group>"; };
		D01888AD2115388800B01946 /* ExSlideMenuController.swift */ = {isa = PBXFileReference; fileEncoding = 4; lastKnownFileType = sourcecode.swift; path = ExSlideMenuController.swift; sourceTree = "<group>"; };
		D01888B3211539CA00B01946 /* HomeVC.swift */ = {isa = PBXFileReference; fileEncoding = 4; lastKnownFileType = sourcecode.swift; path = HomeVC.swift; sourceTree = "<group>"; };
		D01888B4211539CA00B01946 /* HomeVC.xib */ = {isa = PBXFileReference; fileEncoding = 4; lastKnownFileType = file.xib; path = HomeVC.xib; sourceTree = "<group>"; };
		D01888B821153A0E00B01946 /* ProductDetailVC.swift */ = {isa = PBXFileReference; fileEncoding = 4; lastKnownFileType = sourcecode.swift; path = ProductDetailVC.swift; sourceTree = "<group>"; };
		D01888B921153A0E00B01946 /* ProductDetailVC.xib */ = {isa = PBXFileReference; fileEncoding = 4; lastKnownFileType = file.xib; path = ProductDetailVC.xib; sourceTree = "<group>"; };
		D01888BB21153A0E00B01946 /* ViewMoreVC.swift */ = {isa = PBXFileReference; fileEncoding = 4; lastKnownFileType = sourcecode.swift; path = ViewMoreVC.swift; sourceTree = "<group>"; };
		D01888BC21153A0E00B01946 /* ViewMoreVC.xib */ = {isa = PBXFileReference; fileEncoding = 4; lastKnownFileType = file.xib; path = ViewMoreVC.xib; sourceTree = "<group>"; };
		D01888C321153A1800B01946 /* HomeCollectionCell.swift */ = {isa = PBXFileReference; fileEncoding = 4; lastKnownFileType = sourcecode.swift; path = HomeCollectionCell.swift; sourceTree = "<group>"; };
		D01888C421153A1800B01946 /* HomeCollectionCell.xib */ = {isa = PBXFileReference; fileEncoding = 4; lastKnownFileType = file.xib; path = HomeCollectionCell.xib; sourceTree = "<group>"; };
		D01888C621153A1800B01946 /* HomeTableCell.swift */ = {isa = PBXFileReference; fileEncoding = 4; lastKnownFileType = sourcecode.swift; path = HomeTableCell.swift; sourceTree = "<group>"; };
		D01888C721153A1800B01946 /* HomeTableCell.xib */ = {isa = PBXFileReference; fileEncoding = 4; lastKnownFileType = file.xib; path = HomeTableCell.xib; sourceTree = "<group>"; };
		D01888CD21153D6D00B01946 /* MenuVC.swift */ = {isa = PBXFileReference; lastKnownFileType = sourcecode.swift; path = MenuVC.swift; sourceTree = "<group>"; };
		D01888CE21153D6D00B01946 /* MenuVC.xib */ = {isa = PBXFileReference; lastKnownFileType = file.xib; path = MenuVC.xib; sourceTree = "<group>"; };
		D05D505B2118005400645956 /* SearchResultsVC.swift */ = {isa = PBXFileReference; lastKnownFileType = sourcecode.swift; path = SearchResultsVC.swift; sourceTree = "<group>"; };
		D05D505C2118005400645956 /* SearchResultsVC.xib */ = {isa = PBXFileReference; lastKnownFileType = file.xib; path = SearchResultsVC.xib; sourceTree = "<group>"; };
		D05D50602118025300645956 /* SearchResultsTVC.swift */ = {isa = PBXFileReference; lastKnownFileType = sourcecode.swift; path = SearchResultsTVC.swift; sourceTree = "<group>"; };
		D05D50612118025300645956 /* SearchResultsTVC.xib */ = {isa = PBXFileReference; lastKnownFileType = file.xib; path = SearchResultsTVC.xib; sourceTree = "<group>"; };
		D05D506A2118635800645956 /* SearchDetailVC.swift */ = {isa = PBXFileReference; fileEncoding = 4; lastKnownFileType = sourcecode.swift; path = SearchDetailVC.swift; sourceTree = "<group>"; };
		D05D506B2118635800645956 /* SearchDetailVC.xib */ = {isa = PBXFileReference; fileEncoding = 4; lastKnownFileType = file.xib; path = SearchDetailVC.xib; sourceTree = "<group>"; };
		D05D506F2118734E00645956 /* MenuTVC.swift */ = {isa = PBXFileReference; lastKnownFileType = sourcecode.swift; path = MenuTVC.swift; sourceTree = "<group>"; };
		D05D50702118734E00645956 /* MenuTVC.xib */ = {isa = PBXFileReference; lastKnownFileType = file.xib; path = MenuTVC.xib; sourceTree = "<group>"; };
		D0C865612113477800383A48 /* BaseViewController.swift */ = {isa = PBXFileReference; fileEncoding = 4; lastKnownFileType = sourcecode.swift; path = BaseViewController.swift; sourceTree = "<group>"; };
		D0C865632113608400383A48 /* DashboardVC.swift */ = {isa = PBXFileReference; lastKnownFileType = sourcecode.swift; path = DashboardVC.swift; sourceTree = "<group>"; };
		D0C86565211360C400383A48 /* en */ = {isa = PBXFileReference; lastKnownFileType = text.plist.strings; name = en; path = en.lproj/Localizable.strings; sourceTree = "<group>"; };
		D0C865662113739500383A48 /* RegisterVC.swift */ = {isa = PBXFileReference; lastKnownFileType = sourcecode.swift; path = RegisterVC.swift; sourceTree = "<group>"; };
		D0F9E11721161B1F004F7833 /* ManuTVC.swift */ = {isa = PBXFileReference; lastKnownFileType = sourcecode.swift; path = ManuTVC.swift; sourceTree = "<group>"; };
		D0F9E11821161B1F004F7833 /* ManuTVC.xib */ = {isa = PBXFileReference; lastKnownFileType = file.xib; path = ManuTVC.xib; sourceTree = "<group>"; };
/* End PBXFileReference section */

/* Begin PBXFrameworksBuildPhase section */
		D00FACCB2112DF1200C8C176 /* Frameworks */ = {
			isa = PBXFrameworksBuildPhase;
			buildActionMask = 2147483647;
			files = (
				6BBE3BB0AA2865610FEB4727 /* Pods_Qoot.framework in Frameworks */,
			);
			runOnlyForDeploymentPostprocessing = 0;
		};
/* End PBXFrameworksBuildPhase section */

/* Begin PBXGroup section */
		05A5F6E98CD343F4F0B981A7 /* Pods */ = {
			isa = PBXGroup;
			children = (
				1D207D2219F2B6C42392CCB5 /* Pods-Qoot.debug.xcconfig */,
				8442CA29F0944557CAEC8358 /* Pods-Qoot.release.xcconfig */,
			);
			name = Pods;
			sourceTree = "<group>";
		};
		BC388DE321196757002CC86A /* ItemDetailCell */ = {
			isa = PBXGroup;
			children = (
				BC388DE421196775002CC86A /* ItemDetailTableCell.swift */,
				BC388DE521196775002CC86A /* ItemDetailTableCell.xib */,
			);
			path = ItemDetailCell;
			sourceTree = "<group>";
		};
		BC388DE921198B85002CC86A /* DeliveryDetails */ = {
			isa = PBXGroup;
			children = (
				BC388DF32119A28C002CC86A /* PaymentCell */,
				BC388DEE21199261002CC86A /* Cell */,
				BC388DEA21198BA1002CC86A /* DeliveryDetailsVC.swift */,
				BC388DEB21198BA1002CC86A /* DeliveryDetailsVC.xib */,
			);
			path = DeliveryDetails;
			sourceTree = "<group>";
		};
		BC388DEE21199261002CC86A /* Cell */ = {
			isa = PBXGroup;
			children = (
				BC388DEF2119928C002CC86A /* AddressTableCell.swift */,
				BC388DF02119928C002CC86A /* AddressTableCell.xib */,
			);
			path = Cell;
			sourceTree = "<group>";
		};
		BC388DF32119A28C002CC86A /* PaymentCell */ = {
			isa = PBXGroup;
			children = (
				BC388DF42119A2A6002CC86A /* PaymentTableCell.swift */,
				BC388DF52119A2A6002CC86A /* PaymentTableCell.xib */,
			);
			path = PaymentCell;
			sourceTree = "<group>";
		};
		BC93070021181F4400D129B7 /* Cart */ = {
			isa = PBXGroup;
			children = (
				BC9307062118318500D129B7 /* CartCell */,
				BC93070121181F7600D129B7 /* CartVC.swift */,
				BC93070221181F7600D129B7 /* CartVC.xib */,
			);
			path = Cart;
			sourceTree = "<group>";
		};
		BC9307062118318500D129B7 /* CartCell */ = {
			isa = PBXGroup;
			children = (
				BC9307072118319A00D129B7 /* CartTableCell.swift */,
				BC9307082118319A00D129B7 /* CartTableCell.xib */,
			);
			path = CartCell;
			sourceTree = "<group>";
		};
		BC9C1699211948D500ED49A4 /* OrderList */ = {
			isa = PBXGroup;
			children = (
				BC388DE321196757002CC86A /* ItemDetailCell */,
				BC9C169A211948D500ED49A4 /* Controller */,
				BC9C169D211948D500ED49A4 /* ItemCell */,
			);
			path = OrderList;
			sourceTree = "<group>";
		};
		BC9C169A211948D500ED49A4 /* Controller */ = {
			isa = PBXGroup;
			children = (
				BC9C169B211948D500ED49A4 /* OrderListVC.swift */,
				BC9C169C211948D500ED49A4 /* OrderListVC.xib */,
			);
			path = Controller;
			sourceTree = "<group>";
		};
		BC9C169D211948D500ED49A4 /* ItemCell */ = {
			isa = PBXGroup;
			children = (
				BC9C169E211948D500ED49A4 /* PastOrderTableCell.swift */,
				BC9C169F211948D500ED49A4 /* PastOrderTableCell.xib */,
			);
			path = ItemCell;
			sourceTree = "<group>";
		};
		BCB66BC0211D4545002FB1FF /* InfoHeaderView */ = {
			isa = PBXGroup;
			children = (
				BCB66BC1211D4545002FB1FF /* InfoHeaderView.swift */,
				BCB66BC2211D4545002FB1FF /* InfoHeaderView.xib */,
			);
			path = InfoHeaderView;
			sourceTree = "<group>";
		};
		BCB66BC6211D4545002FB1FF /* ReviewsHeaderView */ = {
			isa = PBXGroup;
			children = (
				BCB66BC7211D4545002FB1FF /* ReviewsHeaderView.swift */,
				BCB66BC8211D4545002FB1FF /* ReviewsHeaderView.xib */,
			);
			path = ReviewsHeaderView;
			sourceTree = "<group>";
		};
		BCB66BD3211D7C30002FB1FF /* ReviewsCell */ = {
			isa = PBXGroup;
			children = (
				BCB66BD4211D7D3F002FB1FF /* ReviewsTableCell.swift */,
				BCB66BD5211D7D3F002FB1FF /* ReviewsTableCell.xib */,
			);
			path = ReviewsCell;
			sourceTree = "<group>";
		};
		D00A25CC211A8280008B4D00 /* MenuHeaderView */ = {
			isa = PBXGroup;
			children = (
				D00A25CD211A82A6008B4D00 /* MenuHeaderView.swift */,
				D00A25CF211A82BC008B4D00 /* MenuHeaderView.xib */,
			);
			path = MenuHeaderView;
			sourceTree = "<group>";
		};
		D00FACC52112DF1200C8C176 = {
			isa = PBXGroup;
			children = (
				D00FACD02112DF1200C8C176 /* Qoot */,
				D00FACCF2112DF1200C8C176 /* Products */,
				05A5F6E98CD343F4F0B981A7 /* Pods */,
				DFCB18D661E85E8E4FC705BD /* Frameworks */,
			);
			sourceTree = "<group>";
		};
		D00FACCF2112DF1200C8C176 /* Products */ = {
			isa = PBXGroup;
			children = (
				D00FACCE2112DF1200C8C176 /* Qoot.app */,
			);
			name = Products;
			sourceTree = "<group>";
		};
		D00FACD02112DF1200C8C176 /* Qoot */ = {
			isa = PBXGroup;
			children = (
				D00FACF42112EE5D00C8C176 /* Helper */,
				D00FACE62112EC6400C8C176 /* Library */,
				D00FACE82112EC6700C8C176 /* Model */,
				D00FACE92112EC6900C8C176 /* Modules */,
				D00FACE72112EC6600C8C176 /* Resources */,
				D00FACD12112DF1200C8C176 /* AppDelegate.swift */,
				D00FACD52112DF1300C8C176 /* Main.storyboard */,
				D00FACDB2112DF2200C8C176 /* Assets.xcassets */,
				D00FACDD2112DF2200C8C176 /* LaunchScreen.storyboard */,
				D00FACE02112DF2200C8C176 /* Info.plist */,
				D00FACD82112DF1300C8C176 /* Qoot.xcdatamodeld */,
			);
			path = Qoot;
			sourceTree = "<group>";
		};
		D00FACE62112EC6400C8C176 /* Library */ = {
			isa = PBXGroup;
			children = (
			);
			path = Library;
			sourceTree = "<group>";
		};
		D00FACE72112EC6600C8C176 /* Resources */ = {
			isa = PBXGroup;
			children = (
				D00FACEA2112EC9000C8C176 /* Localizations */,
			);
			path = Resources;
			sourceTree = "<group>";
		};
		D00FACE82112EC6700C8C176 /* Model */ = {
			isa = PBXGroup;
			children = (
			);
			path = Model;
			sourceTree = "<group>";
		};
		D00FACE92112EC6900C8C176 /* Modules */ = {
			isa = PBXGroup;
			children = (
				D01888AF2115398E00B01946 /* App */,
				D0C865602113477800383A48 /* Base */,
				D0C8655F2113470C00383A48 /* UserManagement */,
			);
			path = Modules;
			sourceTree = "<group>";
		};
		D00FACEA2112EC9000C8C176 /* Localizations */ = {
			isa = PBXGroup;
			children = (
				D00FACEF2112ED4100C8C176 /* Localizable.strings */,
			);
			path = Localizations;
			sourceTree = "<group>";
		};
		D00FACF42112EE5D00C8C176 /* Helper */ = {
			isa = PBXGroup;
			children = (
				D01888AD2115388800B01946 /* ExSlideMenuController.swift */,
				D00FACF52112EE5D00C8C176 /* ApiManagers */,
				D00FACFA2112EE5D00C8C176 /* ApplicationController */,
				D00FACFC2112EE5D00C8C176 /* BaseNetworkManager */,
				D00FAD042112EE5D00C8C176 /* BridgingHeader */,
				D00FAD062112EE5D00C8C176 /* Constants */,
				D00FAD082112EE5D00C8C176 /* CoreDataHandler */,
				D00FAD0A2112EE5D00C8C176 /* Extensions */,
				D00FAD0F2112EE5D00C8C176 /* Languages */,
				D00FAD102112EE5D00C8C176 /* LanugaeManager */,
				D00FAD122112EE5D00C8C176 /* Localisation */,
				D00FAD152112EE5D00C8C176 /* Utility */,
			);
			path = Helper;
			sourceTree = "<group>";
		};
		D00FACF52112EE5D00C8C176 /* ApiManagers */ = {
			isa = PBXGroup;
			children = (
				D00FACF62112EE5D00C8C176 /* CartManager.swift */,
				D00FACF72112EE5D00C8C176 /* FetchApiUrls.swift */,
				D00FACF82112EE5D00C8C176 /* ProductManager.swift */,
				D00FACF92112EE5D00C8C176 /* UserManager.swift */,
			);
			path = ApiManagers;
			sourceTree = "<group>";
		};
		D00FACFA2112EE5D00C8C176 /* ApplicationController */ = {
			isa = PBXGroup;
			children = (
				D00FACFB2112EE5D00C8C176 /* ApplicationController.swift */,
			);
			path = ApplicationController;
			sourceTree = "<group>";
		};
		D00FACFC2112EE5D00C8C176 /* BaseNetworkManager */ = {
			isa = PBXGroup;
			children = (
				D00FACFD2112EE5D00C8C176 /* CLBaseService.swift */,
				D00FACFE2112EE5D00C8C176 /* CLNetworkManager.swift */,
				D00FACFF2112EE5D00C8C176 /* CLNetworkModel.swift */,
				D00FAD002112EE5D00C8C176 /* CLNetworkUtility.swift */,
				D00FAD012112EE5D00C8C176 /* Reachability */,
			);
			path = BaseNetworkManager;
			sourceTree = "<group>";
		};
		D00FAD012112EE5D00C8C176 /* Reachability */ = {
			isa = PBXGroup;
			children = (
				D00FAD022112EE5D00C8C176 /* Reachability.h */,
				D00FAD032112EE5D00C8C176 /* Reachability.m */,
			);
			path = Reachability;
			sourceTree = "<group>";
		};
		D00FAD042112EE5D00C8C176 /* BridgingHeader */ = {
			isa = PBXGroup;
			children = (
				D00FAD2B2112EF8800C8C176 /* Qoot-Bridging-Header.h */,
			);
			path = BridgingHeader;
			sourceTree = "<group>";
		};
		D00FAD062112EE5D00C8C176 /* Constants */ = {
			isa = PBXGroup;
			children = (
				D00FAD072112EE5D00C8C176 /* Constants.swift */,
			);
			path = Constants;
			sourceTree = "<group>";
		};
		D00FAD082112EE5D00C8C176 /* CoreDataHandler */ = {
			isa = PBXGroup;
			children = (
				D00FAD092112EE5D00C8C176 /* CoreDataHandler.swift */,
			);
			path = CoreDataHandler;
			sourceTree = "<group>";
		};
		D00FAD0A2112EE5D00C8C176 /* Extensions */ = {
			isa = PBXGroup;
			children = (
				D00FAD0B2112EE5D00C8C176 /* StringExtensions.swift */,
				D00FAD0C2112EE5D00C8C176 /* UIColorExtension.swift */,
				D00FAD0D2112EE5D00C8C176 /* UIImageViewExtensions.swift */,
				D00FAD0E2112EE5D00C8C176 /* UIViewExtensions.swift */,
			);
			path = Extensions;
			sourceTree = "<group>";
		};
		D00FAD0F2112EE5D00C8C176 /* Languages */ = {
			isa = PBXGroup;
			children = (
			);
			path = Languages;
			sourceTree = "<group>";
		};
		D00FAD102112EE5D00C8C176 /* LanugaeManager */ = {
			isa = PBXGroup;
			children = (
				D00FAD112112EE5D00C8C176 /* LanguageManger.swift */,
			);
			path = LanugaeManager;
			sourceTree = "<group>";
		};
		D00FAD122112EE5D00C8C176 /* Localisation */ = {
			isa = PBXGroup;
			children = (
				D00FAD132112EE5D00C8C176 /* L012Localizer.swift */,
				D00FAD142112EE5D00C8C176 /* L102Language.swift */,
			);
			path = Localisation;
			sourceTree = "<group>";
		};
		D00FAD152112EE5D00C8C176 /* Utility */ = {
			isa = PBXGroup;
			children = (
				D00FAD162112EE5D00C8C176 /* CCUtility.swift */,
			);
			path = Utility;
			sourceTree = "<group>";
		};
		D01888AF2115398E00B01946 /* App */ = {
			isa = PBXGroup;
			children = (
				D01888B0211539CA00B01946 /* Cells */,
				D01888B1211539CA00B01946 /* ViewControllers */,
			);
			path = App;
			sourceTree = "<group>";
		};
		D01888B0211539CA00B01946 /* Cells */ = {
			isa = PBXGroup;
			children = (
				D01888C121153A1800B01946 /* HomeCells */,
			);
			path = Cells;
			sourceTree = "<group>";
		};
		D01888B1211539CA00B01946 /* ViewControllers */ = {
			isa = PBXGroup;
			children = (
				BC388DE921198B85002CC86A /* DeliveryDetails */,
				BC9C1699211948D500ED49A4 /* OrderList */,
				D05D50692118635800645956 /* SearchDetailVC */,
				BC93070021181F4400D129B7 /* Cart */,
				D05D505A2118003500645956 /* SearchResultsVC */,
				D01888CC21153B0800B01946 /* MenuVC */,
				D01888B721153A0E00B01946 /* ProductDetail */,
				D01888BA21153A0E00B01946 /* ViewMore */,
				D01888B2211539CA00B01946 /* Home */,
			);
			path = ViewControllers;
			sourceTree = "<group>";
		};
		D01888B2211539CA00B01946 /* Home */ = {
			isa = PBXGroup;
			children = (
				D01888B3211539CA00B01946 /* HomeVC.swift */,
				D01888B4211539CA00B01946 /* HomeVC.xib */,
			);
			path = Home;
			sourceTree = "<group>";
		};
		D01888B721153A0E00B01946 /* ProductDetail */ = {
			isa = PBXGroup;
			children = (
				D01888B821153A0E00B01946 /* ProductDetailVC.swift */,
				D01888B921153A0E00B01946 /* ProductDetailVC.xib */,
			);
			path = ProductDetail;
			sourceTree = "<group>";
		};
		D01888BA21153A0E00B01946 /* ViewMore */ = {
			isa = PBXGroup;
			children = (
				D01888BB21153A0E00B01946 /* ViewMoreVC.swift */,
				D01888BC21153A0E00B01946 /* ViewMoreVC.xib */,
			);
			path = ViewMore;
			sourceTree = "<group>";
		};
		D01888C121153A1800B01946 /* HomeCells */ = {
			isa = PBXGroup;
			children = (
				D01888C221153A1800B01946 /* CollectionCell */,
				D01888C521153A1800B01946 /* TableCell */,
			);
			path = HomeCells;
			sourceTree = "<group>";
		};
		D01888C221153A1800B01946 /* CollectionCell */ = {
			isa = PBXGroup;
			children = (
				D01888C321153A1800B01946 /* HomeCollectionCell.swift */,
				D01888C421153A1800B01946 /* HomeCollectionCell.xib */,
			);
			path = CollectionCell;
			sourceTree = "<group>";
		};
		D01888C521153A1800B01946 /* TableCell */ = {
			isa = PBXGroup;
			children = (
				D01888C621153A1800B01946 /* HomeTableCell.swift */,
				D01888C721153A1800B01946 /* HomeTableCell.xib */,
			);
			path = TableCell;
			sourceTree = "<group>";
		};
		D01888CC21153B0800B01946 /* MenuVC */ = {
			isa = PBXGroup;
			children = (
				D0F9E11621161B00004F7833 /* MenuTVC */,
				D01888CD21153D6D00B01946 /* MenuVC.swift */,
				D01888CE21153D6D00B01946 /* MenuVC.xib */,
			);
			path = MenuVC;
			sourceTree = "<group>";
		};
		D05D505A2118003500645956 /* SearchResultsVC */ = {
			isa = PBXGroup;
			children = (
				D05D505F2118023400645956 /* SearchResultsTVC */,
				D05D505B2118005400645956 /* SearchResultsVC.swift */,
				D05D505C2118005400645956 /* SearchResultsVC.xib */,
			);
			path = SearchResultsVC;
			sourceTree = "<group>";
		};
		D05D505F2118023400645956 /* SearchResultsTVC */ = {
			isa = PBXGroup;
			children = (
				D05D50602118025300645956 /* SearchResultsTVC.swift */,
				D05D50612118025300645956 /* SearchResultsTVC.xib */,
			);
			path = SearchResultsTVC;
			sourceTree = "<group>";
		};
		D05D50692118635800645956 /* SearchDetailVC */ = {
			isa = PBXGroup;
			children = (
				BCB66BD3211D7C30002FB1FF /* ReviewsCell */,
				BCB66BC0211D4545002FB1FF /* InfoHeaderView */,
				BCB66BC6211D4545002FB1FF /* ReviewsHeaderView */,
				D00A25CC211A8280008B4D00 /* MenuHeaderView */,
				D05D506E2118732D00645956 /* MenuTVC */,
				D05D506A2118635800645956 /* SearchDetailVC.swift */,
				D05D506B2118635800645956 /* SearchDetailVC.xib */,
			);
			path = SearchDetailVC;
			sourceTree = "<group>";
		};
		D05D506E2118732D00645956 /* MenuTVC */ = {
			isa = PBXGroup;
			children = (
				D05D506F2118734E00645956 /* MenuTVC.swift */,
				D05D50702118734E00645956 /* MenuTVC.xib */,
			);
			path = MenuTVC;
			sourceTree = "<group>";
		};
		D0C8655F2113470C00383A48 /* UserManagement */ = {
			isa = PBXGroup;
			children = (
				D0C865632113608400383A48 /* DashboardVC.swift */,
				D0C865662113739500383A48 /* RegisterVC.swift */,
			);
			path = UserManagement;
			sourceTree = "<group>";
		};
		D0C865602113477800383A48 /* Base */ = {
			isa = PBXGroup;
			children = (
				D0C865612113477800383A48 /* BaseViewController.swift */,
			);
			path = Base;
			sourceTree = "<group>";
		};
		D0F9E11621161B00004F7833 /* MenuTVC */ = {
			isa = PBXGroup;
			children = (
				D0F9E11721161B1F004F7833 /* ManuTVC.swift */,
				D0F9E11821161B1F004F7833 /* ManuTVC.xib */,
			);
			path = MenuTVC;
			sourceTree = "<group>";
		};
		DFCB18D661E85E8E4FC705BD /* Frameworks */ = {
			isa = PBXGroup;
			children = (
				0241056357D52B915276A9CD /* Pods_Qoot.framework */,
			);
			name = Frameworks;
			sourceTree = "<group>";
		};
/* End PBXGroup section */

/* Begin PBXNativeTarget section */
		D00FACCD2112DF1200C8C176 /* Qoot */ = {
			isa = PBXNativeTarget;
			buildConfigurationList = D00FACE32112DF2200C8C176 /* Build configuration list for PBXNativeTarget "Qoot" */;
			buildPhases = (
				429D3F6A3850E5A6755C6ED2 /* [CP] Check Pods Manifest.lock */,
				D00FACCA2112DF1200C8C176 /* Sources */,
				D00FACCB2112DF1200C8C176 /* Frameworks */,
				D00FACCC2112DF1200C8C176 /* Resources */,
				F88964DDF5988D02715B586F /* [CP] Embed Pods Frameworks */,
			);
			buildRules = (
			);
			dependencies = (
			);
			name = Qoot;
			productName = Qoot;
			productReference = D00FACCE2112DF1200C8C176 /* Qoot.app */;
			productType = "com.apple.product-type.application";
		};
/* End PBXNativeTarget section */

/* Begin PBXProject section */
		D00FACC62112DF1200C8C176 /* Project object */ = {
			isa = PBXProject;
			attributes = {
				LastSwiftUpdateCheck = 0930;
				LastUpgradeCheck = 0930;
				ORGANIZATIONNAME = Cl;
				TargetAttributes = {
					D00FACCD2112DF1200C8C176 = {
						CreatedOnToolsVersion = 9.3;
					};
				};
			};
			buildConfigurationList = D00FACC92112DF1200C8C176 /* Build configuration list for PBXProject "Qoot" */;
			compatibilityVersion = "Xcode 9.3";
			developmentRegion = en;
			hasScannedForEncodings = 0;
			knownRegions = (
				en,
				Base,
				ar,
			);
			mainGroup = D00FACC52112DF1200C8C176;
			productRefGroup = D00FACCF2112DF1200C8C176 /* Products */;
			projectDirPath = "";
			projectRoot = "";
			targets = (
				D00FACCD2112DF1200C8C176 /* Qoot */,
			);
		};
/* End PBXProject section */

/* Begin PBXResourcesBuildPhase section */
		D00FACCC2112DF1200C8C176 /* Resources */ = {
			isa = PBXResourcesBuildPhase;
			buildActionMask = 2147483647;
			files = (
				D00FACDF2112DF2200C8C176 /* LaunchScreen.storyboard in Resources */,
				D00FACED2112ED4100C8C176 /* Localizable.strings in Resources */,
				D01888CB21153A1800B01946 /* HomeTableCell.xib in Resources */,
				BC93070A2118319A00D129B7 /* CartTableCell.xib in Resources */,
				D05D50722118734E00645956 /* MenuTVC.xib in Resources */,
				BC388DED21198BA1002CC86A /* DeliveryDetailsVC.xib in Resources */,
				D01888B6211539CA00B01946 /* HomeVC.xib in Resources */,
				D05D506D2118635800645956 /* SearchDetailVC.xib in Resources */,
				BCB66BCA211D4545002FB1FF /* InfoHeaderView.xib in Resources */,
				D01888BE21153A0E00B01946 /* ProductDetailVC.xib in Resources */,
				BC9C16A3211948D500ED49A4 /* PastOrderTableCell.xib in Resources */,
				D01888C921153A1800B01946 /* HomeCollectionCell.xib in Resources */,
				D0F9E11A21161B1F004F7833 /* ManuTVC.xib in Resources */,
				D00FACDC2112DF2200C8C176 /* Assets.xcassets in Resources */,
				BC9C16A1211948D500ED49A4 /* OrderListVC.xib in Resources */,
				D01888C021153A0E00B01946 /* ViewMoreVC.xib in Resources */,
				D05D505E2118005400645956 /* SearchResultsVC.xib in Resources */,
				BCB66BD7211D7D3F002FB1FF /* ReviewsTableCell.xib in Resources */,
				BC93070421181F7600D129B7 /* CartVC.xib in Resources */,
				BC388DF72119A2A6002CC86A /* PaymentTableCell.xib in Resources */,
				D00FACD72112DF1300C8C176 /* Main.storyboard in Resources */,
				D00A25D0211A82BC008B4D00 /* MenuHeaderView.xib in Resources */,
				D01888D021153D6D00B01946 /* MenuVC.xib in Resources */,
				BC388DE721196775002CC86A /* ItemDetailTableCell.xib in Resources */,
				D05D50632118025300645956 /* SearchResultsTVC.xib in Resources */,
				BCB66BCE211D4545002FB1FF /* ReviewsHeaderView.xib in Resources */,
				BC388DF22119928C002CC86A /* AddressTableCell.xib in Resources */,
			);
			runOnlyForDeploymentPostprocessing = 0;
		};
/* End PBXResourcesBuildPhase section */

/* Begin PBXShellScriptBuildPhase section */
		429D3F6A3850E5A6755C6ED2 /* [CP] Check Pods Manifest.lock */ = {
			isa = PBXShellScriptBuildPhase;
			buildActionMask = 2147483647;
			files = (
			);
			inputPaths = (
				"${PODS_PODFILE_DIR_PATH}/Podfile.lock",
				"${PODS_ROOT}/Manifest.lock",
			);
			name = "[CP] Check Pods Manifest.lock";
			outputPaths = (
				"$(DERIVED_FILE_DIR)/Pods-Qoot-checkManifestLockResult.txt",
			);
			runOnlyForDeploymentPostprocessing = 0;
			shellPath = /bin/sh;
			shellScript = "diff \"${PODS_PODFILE_DIR_PATH}/Podfile.lock\" \"${PODS_ROOT}/Manifest.lock\" > /dev/null\nif [ $? != 0 ] ; then\n    # print error to STDERR\n    echo \"error: The sandbox is not in sync with the Podfile.lock. Run 'pod install' or update your CocoaPods installation.\" >&2\n    exit 1\nfi\n# This output is used by Xcode 'outputs' to avoid re-running this script phase.\necho \"SUCCESS\" > \"${SCRIPT_OUTPUT_FILE_0}\"\n";
			showEnvVarsInLog = 0;
		};
		F88964DDF5988D02715B586F /* [CP] Embed Pods Frameworks */ = {
			isa = PBXShellScriptBuildPhase;
			buildActionMask = 2147483647;
			files = (
			);
			inputPaths = (
				"${SRCROOT}/Pods/Target Support Files/Pods-Qoot/Pods-Qoot-frameworks.sh",
				"${BUILT_PRODUCTS_DIR}/GrowingTextView/GrowingTextView.framework",
				"${BUILT_PRODUCTS_DIR}/IQKeyboardManagerSwift/IQKeyboardManagerSwift.framework",
				"${BUILT_PRODUCTS_DIR}/MBProgressHUD/MBProgressHUD.framework",
				"${BUILT_PRODUCTS_DIR}/SDWebImage/SDWebImage.framework",
				"${BUILT_PRODUCTS_DIR}/SlideMenuControllerSwift/SlideMenuControllerSwift.framework",
			);
			name = "[CP] Embed Pods Frameworks";
			outputPaths = (
				"${TARGET_BUILD_DIR}/${FRAMEWORKS_FOLDER_PATH}/GrowingTextView.framework",
				"${TARGET_BUILD_DIR}/${FRAMEWORKS_FOLDER_PATH}/IQKeyboardManagerSwift.framework",
				"${TARGET_BUILD_DIR}/${FRAMEWORKS_FOLDER_PATH}/MBProgressHUD.framework",
				"${TARGET_BUILD_DIR}/${FRAMEWORKS_FOLDER_PATH}/SDWebImage.framework",
				"${TARGET_BUILD_DIR}/${FRAMEWORKS_FOLDER_PATH}/SlideMenuControllerSwift.framework",
			);
			runOnlyForDeploymentPostprocessing = 0;
			shellPath = /bin/sh;
			shellScript = "\"${SRCROOT}/Pods/Target Support Files/Pods-Qoot/Pods-Qoot-frameworks.sh\"\n";
			showEnvVarsInLog = 0;
		};
/* End PBXShellScriptBuildPhase section */

/* Begin PBXSourcesBuildPhase section */
		D00FACCA2112DF1200C8C176 /* Sources */ = {
			isa = PBXSourcesBuildPhase;
			buildActionMask = 2147483647;
			files = (
				D00A25CE211A82A6008B4D00 /* MenuHeaderView.swift in Sources */,
				D00FAD242112EE5D00C8C176 /* UIColorExtension.swift in Sources */,
				D00FAD202112EE5D00C8C176 /* Reachability.m in Sources */,
				D00FAD222112EE5D00C8C176 /* CoreDataHandler.swift in Sources */,
				D01888B5211539CA00B01946 /* HomeVC.swift in Sources */,
				D00FAD182112EE5D00C8C176 /* FetchApiUrls.swift in Sources */,
				BCB66BC9211D4545002FB1FF /* InfoHeaderView.swift in Sources */,
				D01888BF21153A0E00B01946 /* ViewMoreVC.swift in Sources */,
				D0F9E11921161B1F004F7833 /* ManuTVC.swift in Sources */,
				D00FAD252112EE5D00C8C176 /* UIImageViewExtensions.swift in Sources */,
				D0C865622113477800383A48 /* BaseViewController.swift in Sources */,
				D00FAD192112EE5D00C8C176 /* ProductManager.swift in Sources */,
				D05D50622118025300645956 /* SearchResultsTVC.swift in Sources */,
				D00FAD1F2112EE5D00C8C176 /* CLNetworkUtility.swift in Sources */,
				BC388DF62119A2A6002CC86A /* PaymentTableCell.swift in Sources */,
				BC388DE621196775002CC86A /* ItemDetailTableCell.swift in Sources */,
				D01888C821153A1800B01946 /* HomeCollectionCell.swift in Sources */,
				D00FAD1A2112EE5D00C8C176 /* UserManager.swift in Sources */,
				BC93070321181F7600D129B7 /* CartVC.swift in Sources */,
				BCB66BD6211D7D3F002FB1FF /* ReviewsTableCell.swift in Sources */,
				BC9C16A2211948D500ED49A4 /* PastOrderTableCell.swift in Sources */,
				D00FAD2A2112EE5D00C8C176 /* CCUtility.swift in Sources */,
				D00FAD1E2112EE5D00C8C176 /* CLNetworkModel.swift in Sources */,
				D00FAD262112EE5D00C8C176 /* UIViewExtensions.swift in Sources */,
				BCB66BCD211D4545002FB1FF /* ReviewsHeaderView.swift in Sources */,
				BC9307092118319A00D129B7 /* CartTableCell.swift in Sources */,
				D01888BD21153A0E00B01946 /* ProductDetailVC.swift in Sources */,
				D05D505D2118005400645956 /* SearchResultsVC.swift in Sources */,
				BC9C16A0211948D500ED49A4 /* OrderListVC.swift in Sources */,
				D00FAD232112EE5D00C8C176 /* StringExtensions.swift in Sources */,
				D0C865642113608400383A48 /* DashboardVC.swift in Sources */,
				D00FAD1C2112EE5D00C8C176 /* CLBaseService.swift in Sources */,
				D00FAD282112EE5D00C8C176 /* L012Localizer.swift in Sources */,
				BC388DEC21198BA1002CC86A /* DeliveryDetailsVC.swift in Sources */,
				D00FAD272112EE5D00C8C176 /* LanguageManger.swift in Sources */,
				D01888CF21153D6D00B01946 /* MenuVC.swift in Sources */,
				D01888AE2115388800B01946 /* ExSlideMenuController.swift in Sources */,
				D00FAD172112EE5D00C8C176 /* CartManager.swift in Sources */,
				D00FACD22112DF1200C8C176 /* AppDelegate.swift in Sources */,
				D05D50712118734E00645956 /* MenuTVC.swift in Sources */,
				D0C865672113739500383A48 /* RegisterVC.swift in Sources */,
				D05D506C2118635800645956 /* SearchDetailVC.swift in Sources */,
				D00FAD1B2112EE5D00C8C176 /* ApplicationController.swift in Sources */,
				D00FAD292112EE5D00C8C176 /* L102Language.swift in Sources */,
				BC388DF12119928C002CC86A /* AddressTableCell.swift in Sources */,
				D01888CA21153A1800B01946 /* HomeTableCell.swift in Sources */,
				D00FACDA2112DF1300C8C176 /* Qoot.xcdatamodeld in Sources */,
				D00FAD1D2112EE5D00C8C176 /* CLNetworkManager.swift in Sources */,
				D00FAD212112EE5D00C8C176 /* Constants.swift in Sources */,
			);
			runOnlyForDeploymentPostprocessing = 0;
		};
/* End PBXSourcesBuildPhase section */

/* Begin PBXVariantGroup section */
		D00FACD52112DF1300C8C176 /* Main.storyboard */ = {
			isa = PBXVariantGroup;
			children = (
				D00FACD62112DF1300C8C176 /* Base */,
				D00FACF12112EDA300C8C176 /* ar */,
			);
			name = Main.storyboard;
			sourceTree = "<group>";
		};
		D00FACDD2112DF2200C8C176 /* LaunchScreen.storyboard */ = {
			isa = PBXVariantGroup;
			children = (
				D00FACDE2112DF2200C8C176 /* Base */,
				D00FACF22112EDA300C8C176 /* ar */,
			);
			name = LaunchScreen.storyboard;
			sourceTree = "<group>";
		};
		D00FACEF2112ED4100C8C176 /* Localizable.strings */ = {
			isa = PBXVariantGroup;
			children = (
				D00FACF02112ED6100C8C176 /* Base */,
				D00FACF32112EDA300C8C176 /* ar */,
				D0C86565211360C400383A48 /* en */,
			);
			name = Localizable.strings;
			sourceTree = "<group>";
		};
/* End PBXVariantGroup section */

/* Begin XCBuildConfiguration section */
		D00FACE12112DF2200C8C176 /* Debug */ = {
			isa = XCBuildConfiguration;
			buildSettings = {
				ALWAYS_SEARCH_USER_PATHS = NO;
				CLANG_ANALYZER_LOCALIZABILITY_NONLOCALIZED = YES;
				CLANG_ANALYZER_NONNULL = YES;
				CLANG_ANALYZER_NUMBER_OBJECT_CONVERSION = YES_AGGRESSIVE;
				CLANG_CXX_LANGUAGE_STANDARD = "gnu++14";
				CLANG_CXX_LIBRARY = "libc++";
				CLANG_ENABLE_MODULES = YES;
				CLANG_ENABLE_OBJC_ARC = YES;
				CLANG_ENABLE_OBJC_WEAK = YES;
				CLANG_WARN_BLOCK_CAPTURE_AUTORELEASING = YES;
				CLANG_WARN_BOOL_CONVERSION = YES;
				CLANG_WARN_COMMA = YES;
				CLANG_WARN_CONSTANT_CONVERSION = YES;
				CLANG_WARN_DEPRECATED_OBJC_IMPLEMENTATIONS = YES;
				CLANG_WARN_DIRECT_OBJC_ISA_USAGE = YES_ERROR;
				CLANG_WARN_DOCUMENTATION_COMMENTS = YES;
				CLANG_WARN_EMPTY_BODY = YES;
				CLANG_WARN_ENUM_CONVERSION = YES;
				CLANG_WARN_INFINITE_RECURSION = YES;
				CLANG_WARN_INT_CONVERSION = YES;
				CLANG_WARN_NON_LITERAL_NULL_CONVERSION = YES;
				CLANG_WARN_OBJC_IMPLICIT_RETAIN_SELF = YES;
				CLANG_WARN_OBJC_LITERAL_CONVERSION = YES;
				CLANG_WARN_OBJC_ROOT_CLASS = YES_ERROR;
				CLANG_WARN_RANGE_LOOP_ANALYSIS = YES;
				CLANG_WARN_STRICT_PROTOTYPES = YES;
				CLANG_WARN_SUSPICIOUS_MOVE = YES;
				CLANG_WARN_UNGUARDED_AVAILABILITY = YES_AGGRESSIVE;
				CLANG_WARN_UNREACHABLE_CODE = YES;
				CLANG_WARN__DUPLICATE_METHOD_MATCH = YES;
				CODE_SIGN_IDENTITY = "iPhone Developer";
				COPY_PHASE_STRIP = NO;
				DEBUG_INFORMATION_FORMAT = dwarf;
				ENABLE_STRICT_OBJC_MSGSEND = YES;
				ENABLE_TESTABILITY = YES;
				GCC_C_LANGUAGE_STANDARD = gnu11;
				GCC_DYNAMIC_NO_PIC = NO;
				GCC_NO_COMMON_BLOCKS = YES;
				GCC_OPTIMIZATION_LEVEL = 0;
				GCC_PREPROCESSOR_DEFINITIONS = (
					"DEBUG=1",
					"$(inherited)",
				);
				GCC_WARN_64_TO_32_BIT_CONVERSION = YES;
				GCC_WARN_ABOUT_RETURN_TYPE = YES_ERROR;
				GCC_WARN_UNDECLARED_SELECTOR = YES;
				GCC_WARN_UNINITIALIZED_AUTOS = YES_AGGRESSIVE;
				GCC_WARN_UNUSED_FUNCTION = YES;
				GCC_WARN_UNUSED_VARIABLE = YES;
				IPHONEOS_DEPLOYMENT_TARGET = 11.3;
				MTL_ENABLE_DEBUG_INFO = YES;
				ONLY_ACTIVE_ARCH = YES;
				SDKROOT = iphoneos;
				SWIFT_ACTIVE_COMPILATION_CONDITIONS = DEBUG;
				SWIFT_OPTIMIZATION_LEVEL = "-Onone";
			};
			name = Debug;
		};
		D00FACE22112DF2200C8C176 /* Release */ = {
			isa = XCBuildConfiguration;
			buildSettings = {
				ALWAYS_SEARCH_USER_PATHS = NO;
				CLANG_ANALYZER_LOCALIZABILITY_NONLOCALIZED = YES;
				CLANG_ANALYZER_NONNULL = YES;
				CLANG_ANALYZER_NUMBER_OBJECT_CONVERSION = YES_AGGRESSIVE;
				CLANG_CXX_LANGUAGE_STANDARD = "gnu++14";
				CLANG_CXX_LIBRARY = "libc++";
				CLANG_ENABLE_MODULES = YES;
				CLANG_ENABLE_OBJC_ARC = YES;
				CLANG_ENABLE_OBJC_WEAK = YES;
				CLANG_WARN_BLOCK_CAPTURE_AUTORELEASING = YES;
				CLANG_WARN_BOOL_CONVERSION = YES;
				CLANG_WARN_COMMA = YES;
				CLANG_WARN_CONSTANT_CONVERSION = YES;
				CLANG_WARN_DEPRECATED_OBJC_IMPLEMENTATIONS = YES;
				CLANG_WARN_DIRECT_OBJC_ISA_USAGE = YES_ERROR;
				CLANG_WARN_DOCUMENTATION_COMMENTS = YES;
				CLANG_WARN_EMPTY_BODY = YES;
				CLANG_WARN_ENUM_CONVERSION = YES;
				CLANG_WARN_INFINITE_RECURSION = YES;
				CLANG_WARN_INT_CONVERSION = YES;
				CLANG_WARN_NON_LITERAL_NULL_CONVERSION = YES;
				CLANG_WARN_OBJC_IMPLICIT_RETAIN_SELF = YES;
				CLANG_WARN_OBJC_LITERAL_CONVERSION = YES;
				CLANG_WARN_OBJC_ROOT_CLASS = YES_ERROR;
				CLANG_WARN_RANGE_LOOP_ANALYSIS = YES;
				CLANG_WARN_STRICT_PROTOTYPES = YES;
				CLANG_WARN_SUSPICIOUS_MOVE = YES;
				CLANG_WARN_UNGUARDED_AVAILABILITY = YES_AGGRESSIVE;
				CLANG_WARN_UNREACHABLE_CODE = YES;
				CLANG_WARN__DUPLICATE_METHOD_MATCH = YES;
				CODE_SIGN_IDENTITY = "iPhone Developer";
				COPY_PHASE_STRIP = NO;
				DEBUG_INFORMATION_FORMAT = "dwarf-with-dsym";
				ENABLE_NS_ASSERTIONS = NO;
				ENABLE_STRICT_OBJC_MSGSEND = YES;
				GCC_C_LANGUAGE_STANDARD = gnu11;
				GCC_NO_COMMON_BLOCKS = YES;
				GCC_WARN_64_TO_32_BIT_CONVERSION = YES;
				GCC_WARN_ABOUT_RETURN_TYPE = YES_ERROR;
				GCC_WARN_UNDECLARED_SELECTOR = YES;
				GCC_WARN_UNINITIALIZED_AUTOS = YES_AGGRESSIVE;
				GCC_WARN_UNUSED_FUNCTION = YES;
				GCC_WARN_UNUSED_VARIABLE = YES;
				IPHONEOS_DEPLOYMENT_TARGET = 11.3;
				MTL_ENABLE_DEBUG_INFO = NO;
				SDKROOT = iphoneos;
				SWIFT_COMPILATION_MODE = wholemodule;
				SWIFT_OPTIMIZATION_LEVEL = "-O";
				VALIDATE_PRODUCT = YES;
			};
			name = Release;
		};
		D00FACE42112DF2200C8C176 /* Debug */ = {
			isa = XCBuildConfiguration;
			baseConfigurationReference = 1D207D2219F2B6C42392CCB5 /* Pods-Qoot.debug.xcconfig */;
			buildSettings = {
				ASSETCATALOG_COMPILER_APPICON_NAME = AppIcon;
				CODE_SIGN_IDENTITY = "iPhone Developer";
				CODE_SIGN_STYLE = Automatic;
				DEVELOPMENT_TEAM = WVYK59KXPF;
				INFOPLIST_FILE = Qoot/Info.plist;
				IPHONEOS_DEPLOYMENT_TARGET = 9.0;
				LD_RUNPATH_SEARCH_PATHS = (
					"$(inherited)",
					"@executable_path/Frameworks",
				);
				PRODUCT_BUNDLE_IDENTIFIER = com.qoot.ios;
				PRODUCT_NAME = "$(TARGET_NAME)";
				PROVISIONING_PROFILE_SPECIFIER = "";
				SWIFT_OBJC_BRIDGING_HEADER = "Qoot/Helper/BridgingHeader/Qoot-Bridging-Header.h";
				SWIFT_VERSION = 4.0;
				TARGETED_DEVICE_FAMILY = "1,2";
			};
			name = Debug;
		};
		D00FACE52112DF2200C8C176 /* Release */ = {
			isa = XCBuildConfiguration;
			baseConfigurationReference = 8442CA29F0944557CAEC8358 /* Pods-Qoot.release.xcconfig */;
			buildSettings = {
				ASSETCATALOG_COMPILER_APPICON_NAME = AppIcon;
				CODE_SIGN_IDENTITY = "iPhone Developer";
				CODE_SIGN_STYLE = Automatic;
				DEVELOPMENT_TEAM = WVYK59KXPF;
				INFOPLIST_FILE = Qoot/Info.plist;
				IPHONEOS_DEPLOYMENT_TARGET = 9.0;
				LD_RUNPATH_SEARCH_PATHS = (
					"$(inherited)",
					"@executable_path/Frameworks",
				);
				PRODUCT_BUNDLE_IDENTIFIER = com.qoot.ios;
				PRODUCT_NAME = "$(TARGET_NAME)";
				PROVISIONING_PROFILE_SPECIFIER = "";
				SWIFT_VERSION = 4.0;
				TARGETED_DEVICE_FAMILY = "1,2";
			};
			name = Release;
		};
/* End XCBuildConfiguration section */

/* Begin XCConfigurationList section */
		D00FACC92112DF1200C8C176 /* Build configuration list for PBXProject "Qoot" */ = {
			isa = XCConfigurationList;
			buildConfigurations = (
				D00FACE12112DF2200C8C176 /* Debug */,
				D00FACE22112DF2200C8C176 /* Release */,
			);
			defaultConfigurationIsVisible = 0;
			defaultConfigurationName = Release;
		};
		D00FACE32112DF2200C8C176 /* Build configuration list for PBXNativeTarget "Qoot" */ = {
			isa = XCConfigurationList;
			buildConfigurations = (
				D00FACE42112DF2200C8C176 /* Debug */,
				D00FACE52112DF2200C8C176 /* Release */,
			);
			defaultConfigurationIsVisible = 0;
			defaultConfigurationName = Release;
		};
/* End XCConfigurationList section */

/* Begin XCVersionGroup section */
		D00FACD82112DF1300C8C176 /* Qoot.xcdatamodeld */ = {
			isa = XCVersionGroup;
			children = (
				D00FACD92112DF1300C8C176 /* Qoot.xcdatamodel */,
			);
			currentVersion = D00FACD92112DF1300C8C176 /* Qoot.xcdatamodel */;
			path = Qoot.xcdatamodeld;
			sourceTree = "<group>";
			versionGroupType = wrapper.xcdatamodel;
		};
/* End XCVersionGroup section */
	};
	rootObject = D00FACC62112DF1200C8C176 /* Project object */;
}
